
{
  "name": "task-donegeon-frontend",
  "version": "0.0.1",
  "lockfileVersion": 2,
  "requires": true,
  "packages": {
    "": {
      "name": "task-donegeon-frontend",
      "version": "0.0.1",
      "private": true,
      "dependencies": {
        "react": "^18.2.0",
        "react-dom": "^18.2.0"
      },
      "devDependencies": {
        "@types/react": "^18.0.28",
        "@types/react-dom": "^18.0.11",
        "@vitejs/plugin-react": "^3.1.0",
        "autoprefixer": "^10.4.14",
        "postcss": "^8.4.21",
        "tailwindcss": "^3.3.1",
        "typescript": "^4.9.3",
        "vite": "^4.2.0"
      }
    },
    "node_modules/js-tokens": {
      "version": "4.0.0",
      "resolved": "https://registry.npmjs.org/js-tokens/-/js-tokens-4.0.0.tgz",
      "integrity": "sha512-RdJUflcE3cUzKiMqQgsCu06FPu9UdIJO0beYbPhHN4k6apgJtifcoCtT9bcxOpYBtpD2kCM6Sbzg4CausW/PKQ==",
      "dev": true
    },
    "node_modules/loose-envify": {
      "version": "1.4.0",
      "resolved": "https://registry.npmjs.org/loose-envify/-/loose-envify-1.4.0.tgz",
      "integrity": "sha512-lyuxPGr/Wfhrlem2CL/UcnUc1zcqKA3a2bKY4DMM/sanNItrumpetCFBNPFIveAQL3ZseCEkY/dsgc/KYysIm12Ag==",
      "dependencies": {
        "js-tokens": "^3.0.0 || ^4.0.0"
      },
      "bin": {
        "loose-envify": "cli.js"
      }
    },
    "node_modules/react": {
      "version": "18.2.0",
      "resolved": "https://registry.npmjs.org/react/-/react-18.2.0.tgz",
      "integrity": "sha512-IloVsv_1sKPsoxHkLpM7unM7fgU/hJ7wSnO2MllqI33+pif2s5u1eY3oB2l4mAQ35YDrb9QYgq3Gjv2s9b4AGA==",
      "dependencies": {
        "loose-envify": "^1.1.0"
      },
      "engines": {
        "node": ">=0.10.0"
      }
    },
    "node_modules/react-dom": {
      "version": "18.2.0",
      "resolved": "https://registry.npmjs.org/react-dom/-/react-dom-18.2.0.tgz",
      "integrity": "sha512-tPVrZl8A+Y3nKYd4q9kP/Za/Y4utoq5AExucH0oE4sN2oSSuAkA2Trg3kO/7sIkvuK89J2bJVLk4S19iP4sQoA==",
      "dependencies": {
        "loose-envify": "^1.1.0",
        "scheduler": "^0.23.0"
      },
      "peerDependencies": {
        "react": "^18.2.0"
      }
    },
    "node_modules/scheduler": {
      "version": "0.23.0",
      "resolved": "https://registry.npmjs.org/scheduler/-/scheduler-0.23.0.tgz",
      "integrity": "sha512-CtuThmgHNg7zIZWAcroCv2LoEaJ1/w7L9e3AclC0Scj2xR/N+M72QGcf9ZBMP80gIeTfS9R1/Lw2qgq/E9sFow==",
      "dependencies": {
        "loose-envify": "^1.1.0"
      }
    }
  }
}
