{
  "name": "task-donegeon",
  "version": "0.0.72",
  "lockfileVersion": 3,
  "requires": true,
  "packages": {
    "": {
      "name": "task-donegeon",
      "version": "0.0.72",
      "dependencies": {
        "emoji-picker-react": "^4.5.2",
        "react": "^18.2.0",
        "react-dom": "^18.2.0"
      },
      "devDependencies": {
        "@google/genai": "^1.9.0",
        "@types/node": "^20.11.20",
        "@types/react": "^18.2.15",
        "@types/react-dom": "^18.2.7",
        "@vitejs/plugin-react": "^4.0.3",
        "typescript": "^5.0.2",
        "vite": "^4.4.5"
      }
    },
    "node_modules/@google/genai": {
      "version": "1.9.0",
      "resolved": "https://registry.npmjs.org/@google/genai/-/genai-1.9.0.tgz",
      "integrity": "sha512-B67b8Y325NMXGMztfC1tGS4aVfJGLt65crb7iGML8a12Z+r3oT1cAT8A8PjHWsP4Juj4sA+fH7vxtCgY0KexuQ==",
      "dev": true
    },
    "node_modules/@types/node": {
      "version": "20.11.20",
      "resolved": "https://registry.npmjs.org/@types/node/-/node-20.11.20.tgz",
      "integrity": "sha512-s205hYn2wsxO45TMg6j0aSk5PbfVob4Sg92K52202HgnTLn5n1H0E88vUj2yv2O12YASiMw3v3sFuq7b8t3OQ==",
      "dev": true,
      "dependencies": {
        "undici-types": "~5.26.4"
      }
    },
    "node_modules/@types/prop-types": {
      "version": "15.7.12",
      "resolved": "https://registry.npmjs.org/@types/prop-types/-/prop-types-15.7.12.tgz",
      "integrity": "sha512-5zvhXYS3icfN1wkdqrKkBwB1ZENN3sf2mq3iPGR+I26A1f4u132i0C6xPwyuT+i8e7DPYxckUr0J1V1D+hQY/w==",
      "dev": true
    },
    "node_modules/@types/react": {
      "version": "18.2.79",
      "resolved": "https://registry.npmjs.org/@types/react/-/react-18.2.79.tgz",
      "integrity": "sha512-Y12Tm5j+8dss9p2bKwdMCiA4t0J6e2y2iL8g7s8LqNZm6H94nx5152V+dGroO3s4/AUoRMuS7gD21lJ2i1b1BQ==",
      "dev": true,
      "dependencies": {
        "@types/prop-types": "*",
        "csstype": "^3.0.2"
      }
    },
    "node_modules/@types/react-dom": {
      "version": "18.2.25",
      "resolved": "https://registry.npmjs.org/@types/react-dom/-/react-dom-18.2.25.tgz",
      "integrity": "sha512-1CSaFfJoW9i8gP1h8p2P1D2x3plfJu39JGnB6W4A5N2T9J2C4v+bNl71xDMz4Feyy4dI1wT2iGv2Iu/s4p2sA==",
      "dev": true,
      "dependencies": {
        "@types/react": "*"
      }
    },
    "node_modules/@vitejs/plugin-react": {
      "version": "4.2.1",
      "resolved": "https://registry.npmjs.org/@vitejs/plugin-react/-/plugin-react-4.2.1.tgz",
      "integrity": "sha512-s2tdz57b6aTR2L5s23P2/r3d4Y1fEyrd1Qc/5L1S7uSnp8j3zG6l2r2Zk2CRn1gVwobhX/3f2xYb8m3h5g2Aw==",
      "dev": true,
      "dependencies": {
        "@babel/core": "^7.22.9",
        "@babel/plugin-transform-react-jsx-develo-pment": "^7.22.5",
        "acorn": "^8.10.0",
        "estree-walker": "^2.0.2"
      },
      "engines": {
        "node": ">=18.0.0"
      },
      "peerDependencies": {
        "vite": "^4.2.0 || ^5.0.0"
      },
      "peerDependenciesMeta": {
        "vite": {
          "optional": true
        }
      }
    },
    "node_modules/acorn": {
      "version": "8.11.3",
      "resolved": "https://registry.npmjs.org/acorn/-/acorn-8.11.3.tgz",
      "integrity": "sha512-Y9r2dK2E2tUhbwV8+c3/wrtC2h/2kCHcZM99n5/BLfkunsX30K4GdfQ3T8/1TMmCCNB6/y1xX/A6/2w5AijzCw==",
      "dev": true,
      "bin": {
        "acorn": "bin/acorn"
      },
      "engines": {
        "node": ">=0.4.0"
      }
    },
    "node_modules/csstype": {
      "version": "3.1.3",
      "resolved": "https://registry.npmjs.org/csstype/-/csstype-3.1.3.tgz",
      "integrity": "sha512-M1uQkMl8rQK/szD0LNhtcwDiFAR9aK6p35+arE6q2d27T4IeK21aJp2yPAG22pXnb1hrYDa653a342IeWy0A8Q==",
      "dev": true
    },
    "node_modules/emoji-picker-react": {
      "version": "4.9.2",
      "resolved": "https://registry.npmjs.org/emoji-picker-react/-/emoji-picker-react-4.9.2.tgz",
      "integrity": "sha512-Y3b003aE5yq0k6HjdnB2v2hVz5k7Vf5v4a919qgO0E8Q7fH/VfXk/5wOwrBTKrvQpQ72VXx/Cg3i5i2yA==",
      "dependencies": {
        "clsx": "2.0.0"
      },
      "engines": {
        "node": ">=12.0.0"
      },
      "peerDependencies": {
        "react": "^16.8.0 || ^17.0.0 || ^18.0.0",
        "react-dom": "^16.8.0 || ^17.0.0 || ^18.0.0"
      }
    },
    "node_modules/esbuild": {
      "version": "0.19.12",
      "resolved": "https://registry.npmjs.org/esbuild/-/esbuild-0.19.12.tgz",
      "integrity": "sha512-2w2u05N6iKOe3Q+ORb3s5z5csFmHnCg3o7IsG34LPxNu28yT14d3wimQ1G8GTr3cm0V8mP0uM40K7E4w1+4G4A==",
      "dev": true,
      "hasInstallScript": true,
      "bin": {
        "esbuild": "bin/esbuild"
      },
      "engines": {
        "node": ">=12"
      },
      "optionalDependencies": {
        "@esbuild/android-arm": "0.19.12",
        "@esbuild/android-arm64": "0.19.12",
        "@esbuild/android-x64": "0.19.12",
        "@esbuild/darwin-arm64": "0.19.12",
        "@esbuild/darwin-x64": "0.19.12",
        "@esbuild/freebsd-arm64": "0.19.12",
        "@esbuild/freebsd-x64": "0.19.12",
        "@esbuild/linux-arm": "0.19.12",
        "@esbuild/linux-arm64": "0.19.12",
        "@esbuild/linux-ia32": "0.19.12",
        "@esbuild/linux-loong64": "0.19.12",
        "@esbuild/linux-mips64el": "0.19.12",
        "@esbuild/linux-ppc64": "0.19.12",
        "@esbuild/linux-riscv64": "0.19.12",
        "@esbuild/linux-s390x": "0.19.12",
        "@esbuild/linux-x64": "0.19.12",
        "@esbuild/netbsd-x64": "0.19.12",
        "@esbuild/openbsd-x64": "0.19.12",
        "@esbuild/sunos-x64": "0.19.12",
        "@esbuild/win32-arm64": "0.19.12",
        "@esbuild/win32-ia32": "0.19.12",
        "@esbuild/win32-x64": "0.19.12"
      }
    },
    "node_modules/estree-walker": {
      "version": "2.0.2",
      "resolved": "https://registry.npmjs.org/estree-walker/-/estree-walker-2.0.2.tgz",
      "integrity": "sha512-wIscYimATValxQ1OER7QvEMi88N/tpQiX132p2d2F358YtrhF2M2eXpsbTf+2XBcKNawqzC3mg/kydA3K/uH+w==",
      "dev": true
    },
    "node_modules/js-tokens": {
      "version": "4.0.0",
      "resolved": "https://registry.npmjs.org/js-tokens/-/js-tokens-4.0.0.tgz",
      "integrity": "sha512-RdJUflcE3cUzKiMqQgsCu06FPu9UdIJO0beYbPhHN4k6apgJtifcoCtT9bcxOpYBtpD2kCM6Sbzg4CausW/PKQ=="
    },
    "node_modules/loose-envify": {
      "version": "1.4.0",
      "resolved": "https://registry.npmjs.org/loose-envify/-/loose-envify-1.4.0.tgz",
      "integrity": "sha512-lyuxPGr/Wfhrlem2CL/UcnUc1zcqKAImBDzukY7Y5F/yQiNdko6+fRLevlw1HgMySw7f611UIY408EtxRSoK3Q==",
      "bin": {
        "loose-envify": "cli.js"
      }
    },
    "node_modules/nanoid": {
      "version": "3.3.7",
      "resolved": "https://registry.npmjs.org/nanoid/-/nanoid-3.3.7.tgz",
      "integrity": "sha512-eSRppjcPIat8EXwGEJRYXBcdOU0sc22eWLIDo/eNke5JTSiH1ItiPflS2a+I2Brz4vSPADsE9q7fA42f2bA7wQ==",
      "dev": true,
      "bin": {
        "nanoid": "bin/nanoid.js"
      },
      "engines": {
        "node": "^10 || ^12 || ^13.7 || ^14 || >=15.0.1"
      }
    },
    "node_modules/picocolors": {
      "version": "1.0.0",
      "resolved": "https://registry.npmjs.org/picocolors/-/picocolors-1.0.0.tgz",
      "integrity": "sha512-1fygroBR2YoF+8BkeEizsovWIYGbOA50F0mMGoorYOzpcRLadLNYp7J/bOMiaZAbfWhkHqbufdDhXAn9Ab+HDg==",
      "dev": true
    },
    "node_modules/postcss": {
      "version": "8.4.38",
      "resolved": "https://registry.npmjs.org/postcss/-/postcss-8.4.38.tgz",
      "integrity": "sha512-o/k6DBs2v3a3XqPOmTViP6aLjw7n/snx9xgoifL+2B5esEpr3I6Gj4/spF4JxdhB86uN3CHUYFycd4kE1H1QQA==",
      "dev": true,
      "dependencies": {
        "nanoid": "^3.3.7",
        "picocolors": "^1.0.0",
        "source-map-js": "^1.0.2"
      },
      "engines": {
        "node": "^10 || ^12 || >=14"
      }
    },
    "node_modules/react": {
      "version": "18.2.0",
      "resolved": "https://registry.npmjs.org/react/-/react-18.2.0.tgz",
      "integrity": "sha512-/3IjMdb2L9QbBdWiW5e3P2/npwYvrkTmsMNEGyjnsrb5tUeDjCajXuhDJhdFVOlSCuiJmGPcufTVqwK2C5Wiwg==",
      "dependencies": {
        "loose-envify": "^1.1.0"
      },
      "engines": {
        "node": ">=0.10.0"
      }
    },
    "node_modules/react-dom": {
      "version": "18.2.0",
      "resolved": "https://registry.npmjs.org/react-dom/-/react-dom-18.2.0.tgz",
      "integrity": "sha512-6IMTriUmvsjHUjNtEDudZfuDQUoWzZXnWi0lREOTweoCG11MswXpaayiyceSEbL1s3ゼGtWIJjNXOuIl5IWX2A==",
      "dependencies": {
        "loose-envify": "^1.1.0",
        "scheduler": "^0.23.0"
      },
      "peerDependencies": {
        "react": "^18.2.0"
      }
    },
    "node_modules/rollup": {
      "version": "3.29.4",
      "resolved": "https://registry.npmjs.org/rollup/-/rollup-3.29.4.tgz",
      "integrity": "sha512-qgEihI9VfW1e2i3B/ihwP4K6i1V17N53x7n7Lhly+D2AUU+gCHs2n1/2Z/Aifd4sJz/JTfV31UfQxgQ+uW2LdA==",
      "dev": true,
      "bin": {
        "rollup": "dist/bin/rollup"
      },
      "engines": {
        "node": ">=14.18.0",
        "npm": ">=8.0.0"
      },
      "optionalDependencies": {
        "fsevents": "~2.3.2"
      }
    },
    "node_modules/scheduler": {
      "version": "0.23.0",
      "resolved": "https://registry.npmjs.org/scheduler/-/scheduler-0.23.0.tgz",
      "integrity": "sha512-CtuThmgVNg7zIZBr49wT+mUTqodbcWyP1H1pDMFUTe1tkhBEf6AM4TrvT9T2+L8a32s4N0nxSoo2eMmpGe4TTA==",
      "dependencies": {
        "loose-envify": "^1.1.0"
      }
    },
    "node_modules/source-map-js": {
      "version": "1.0.2",
      "resolved": "https://registry.npmjs.org/source-map-js/-/source-map-js-1.0.2.tgz",
      "integrity": "sha512-R0XvVJ9WusLiqTCEiGCmICCMplcCkIwwR11mOSD9CR5u+IXYdiseeEuXCVAjS54zP6iwfRU+BrmccSazIAeZRA==",
      "dev": true,
      "engines": {
        "node": ">=0.10.0"
      }
    },
    "node_modules/typescript": {
      "version": "5.4.5",
      "resolved": "https://registry.npmjs.org/typescript/-/typescript-5.4.5.tgz",
      "integrity": "sha512-vcI4UpRgg81oXqd8ENYLdtX22AORt7BFKeEWFFbPAiq9kb7iAECdcH3Bs5DMrBfEJoRT126VRH9BlEOH2Iq+4Q==",
      "dev": true,
      "bin": {
        "tsc": "bin/tsc",
        "tsserver": "bin/tsserver"
      },
      "engines": {
        "node": ">=14.17"
      }
    },
    "node_modules/undici-types": {
      "version": "5.26.5",
      "resolved": "https://registry.npmjs.org/undici-types/-/undici-types-5.26.5.tgz",
      "integrity": "sha512-JlCMO+ehdEIKqlFxk6IfVoAUVmgz7cU7zD/h9XZ0qzeosSHmUJVOzSQvvYSYWXkFXC+IfLKSIffhv0sVZup6pA==",
      "dev": true
    },
    "node_modules/vite": {
      "version": "4.5.3",
      "resolved": "https://registry.npmjs.org/vite/-/vite-4.5.3.tgz",
      "integrity": "sha512-s4O5gH4bYd5M5x2p1nLxBqj/3ZMBVPOfX2Cls/AI01CHa7oWp/7g12K8AnmLrL4oQ38ECB/QxXGkhkyqT4z31g==",
      "dev": true,
      "dependencies": {
        "esbuild": "^0.19.2",
        "postcss": "^8.4.29",
        "resolve.exports": "^1.1.0",
        "rollup": "^3.29.0"
      },
      "bin": {
        "vite": "bin/vite.js"
      },
      "engines": {
        "node": "^14.18.0 || >=16.0.0"
      },
      "funding": {
        "url": "https://github.com/sponsors/yyx990803"
      },
      "optionalDependencies": {
        "fsevents": "~2.3.2"
      },
      "peerDependencies": {
        "less": "*",
        "lightningcss": "^1.21.0",
        "sass": "*",
        "stylus": "*"
      },
      "peerDependenciesMeta": {
        "less": {
          "optional": true
        },
        "lightningcss": {
          "optional": true
        },
        "sass": {
          "optional": true
        },
        "stylus": {
          "optional": true
        }
      }
    }
  }
}
