{
  "name": "task-donegeon",
  "version": "0.0.72",
  "lockfileVersion": 3,
  "requires": true,
  "packages": {
    "": {
      "name": "task-donegeon",
      "version": "0.0.72",
      "dependencies": {
        "emoji-picker-react": "^4.5.2",
        "react": "^18.2.0",
        "react-dom": "^18.2.0"
      },
      "devDependencies": {
        "@google/genai": "^1.9.0",
        "@types/node": "^20.11.20",
        "@types/react": "^18.2.15",
        "@types/react-dom": "^18.2.7",
        "@vitejs/plugin-react": "^4.0.3",
        "typescript": "^5.0.2",
        "vite": "^4.4.5"
      }
    },
    "node_modules/@babel/code-frame": {
      "version": "7.24.7",
      "resolved": "https://registry.npmjs.org/@babel/code-frame/-/code-frame-7.24.7.tgz",
      "integrity": "sha512-BcYHIsdG2a3Ab3c8qg62ypBZS6a2t3AWsNWvsjT3sblw0ykL2A6i2FvP7Pqo29d5pS2gPnw1Y+z42h432m2vCA==",
      "dev": true,
      "dependencies": {
        "@babel/highlight": "^7.24.7",
        "chalk": "^2.4.2"
      },
      "engines": {
        "node": ">=6.9.0"
      }
    },
    "node_modules/@babel/compat-data": {
      "version": "7.24.7",
      "resolved": "https://registry.npmjs.org/@babel/compat-data/-/compat-data-7.24.7.tgz",
      "integrity": "sha512-32aYdK3v2G+3VA8B8o93eA2gDDs8F3t5Qd1e687V62Fj3v4zTf2ZTR12s2lWj85w4e7Qm3y6hXSUoA==",
      "dev": true,
      "engines": {
        "node": ">=6.9.0"
      }
    },
    "node_modules/@babel/core": {
      "version": "7.24.7",
      "resolved": "https://registry.npmjs.org/@babel/core/-/core-7.24.7.tgz",
      "integrity": "sha512-8n2od11sVLe4dDk5Z8s/5qElt3T5oYvhpA/PuZp3I89sbL7hA2kyA439v5hB9+iKj2h3kAE4b1s42zQO/883pQ==",
      "dev": true,
      "dependencies": {
        "@babel/code-frame": "^7.24.7",
        "@babel/generator": "^7.24.7",
        "@babel/helper-compilation-targets": "^7.24.7",
        "@babel/helper-module-transforms": "^7.24.7",
        "@babel/helpers": "^7.24.7",
        "@babel/parser": "^7.24.7",
        "@babel/template": "^7.24.7",
        "@babel/traverse": "^7.24.7",
        "@babel/types": "^7.24.7",
        "convert-source-map": "^2.0.0",
        "gensync": "^1.0.0-beta.2",
        "json5": "^2.2.3",
        "semver": "^6.3.1"
      },
      "engines": {
        "node": ">=6.9.0"
      },
      "funding": {
        "type": "opencollective",
        "url": "https://opencollective.com/babel"
      }
    },
    "node_modules/@babel/generator": {
      "version": "7.24.7",
      "resolved": "https://registry.npmjs.org/@babel/generator/-/generator-7.24.7.tgz",
      "integrity": "sha512-n2D0ypvAEnHD0l4/eZBL8fohifbZnXy3Tj9iB32A3a2n1g8l0isd2vPNhS92tffQf9cF0WIoM1y4bWTgI4X/6A==",
      "dev": true,
      "dependencies": {
        "@babel/types": "^7.24.7",
        "@jridgewell/gen-mapping": "^0.3.5",
        "jsesc": "^2.5.1"
      },
      "engines": {
        "node": ">=6.9.0"
      }
    },
    "node_modules/@babel/helper-compilation-targets": {
      "version": "7.24.7",
      "resolved": "https://registry.npmjs.org/@babel/helper-compilation-targets/-/helper-compilation-targets-7.24.7.tgz",
      "integrity": "sha512-Ymch0x5k95bVz2Qh8Xuzp/SnuE1W2uD242j251/U4QyT2r639iXz/LNs7gGI21/u+6s0Z0L+HjR3sIuWw==",
      "dev": true,
      "dependencies": {
        "@babel/compat-data": "^7.24.7",
        "@babel/helper-validator-option": "^7.24.7",
        "browserslist": "^4.23.0",
        "semver": "^6.3.1"
      },
      "engines": {
        "node": ">=6.9.0"
      }
    },
    "node_modules/@babel/helper-environment-visitor": {
      "version": "7.24.7",
      "resolved": "https://registry.npmjs.org/@babel/helper-environment-visitor/-/helper-environment-visitor-7.24.7.tgz",
      "integrity": "sha512-ZBTb9GAB3mRtpA52yv9PqqbCq3W4HFWp3d10ANeEAbGA/fL2D5jMswVWYwBCWTkCg2WzgnAgxIteq53n2fWvUQ==",
      "dev": true,
      "dependencies": {
        "@babel/types": "^7.24.7"
      },
      "engines": {
        "node": ">=6.9.0"
      }
    },
    "node_modules/@babel/helper-function-name": {
      "version": "7.24.7",
      "resolved": "https://registry.npmjs.org/@babel/helper-function-name/-/helper-function-name-7.24.7.tgz",
      "integrity": "sha512-MpxUqW4tFUWpf3xD15T2tQJAn7T85EVS/5xBmBmswBoh1L05+nRY2QdAY1zaYJRNyB1Gv+L2yNZQ7DBh6k2AOA==",
      "dev": true,
      "dependencies": {
        "@babel/template": "^7.24.7",
        "@babel/types": "^7.24.7"
      },
      "engines": {
        "node": ">=6.9.0"
      }
    },
    "node_modules/@babel/helper-hoist-variables": {
      "version": "7.24.7",
      "resolved": "https://registry.npmjs.org/@babel/helper-hoist-variables/-/helper-hoist-variables-7.24.7.tgz",
      "integrity": "sha512-RzC1z/Xo1s5A4XNbvavZDsYqL2grtUPVJk2NPN2y5pGz1JNYP+K/MyPA98L9h2nCVf3l4p9TfP2b+x3Y3sX+kA==",
      "dev": true,
      "dependencies": {
        "@babel/types": "^7.24.7"
      },
      "engines": {
        "node": ">=6.9.0"
      }
    },
    "node_modules/@babel/helper-module-imports": {
      "version": "7.24.7",
      "resolved": "https://registry.npmjs.org/@babel/helper-module-imports/-/helper-module-imports-7.24.7.tgz",
      "integrity": "sha512-4Bq2EyTs3oVnEay22EaZ6S85kOKDrJ6/5m8/RLpna5eHZGvW+2gB6E9dDAP+4tCjGZkEHH4n2Mvj4DiW2gS4Lw==",
      "dev": true,
      "dependencies": {
        "@babel/types": "^7.24.7"
      },
      "engines": {
        "node": ">=6.9.0"
      }
    },
    "node_modules/@babel/helper-module-transforms": {
      "version": "7.24.7",
      "resolved": "https://registry.npmjs.org/@babel/helper-module-transforms/-/helper-module-transforms-7.24.7.tgz",
      "integrity": "sha512-aV5KQa3y4D23nGTf2W/DhnT2J842A/4gFWIrFf1kM2L/25a+A1c2lE1St5tFh9a8vA8Ofl0/nUa+5h3WfC97Q==",
      "dev": true,
      "dependencies": {
        "@babel/helper-environment-visitor": "^7.24.7",
        "@babel/helper-module-imports": "^7.24.7",
        "@babel/helper-simple-access": "^7.24.7",
        "@babel/helper-split-export-declaration": "^7.24.7",
        "@babel/helper-validator-identifier": "^7.24.7",
        "@babel/traverse": "^7.24.7",
        "@babel/types": "^7.24.7"
      },
      "engines": {
        "node": ">=6.9.0"
      }
    },
    "node_modules/@babel/helper-plugin-utils": {
      "version": "7.24.7",
      "resolved": "https://registry.npmjs.org/@babel/helper-plugin-utils/-/helper-plugin-utils-7.24.7.tgz",
      "integrity": "sha512-Qrc/p4V5y34eF4aTsyAmg4gDD4yZu2nCE38Em4w2S+24vgn0n882yT8IMx+AaAZ2h3nTyqxFo2i5hXJbS1I4gA==",
      "dev": true,
      "engines": {
        "node": ">=6.9.0"
      }
    },
    "node_modules/@babel/helper-simple-access": {
      "version": "7.24.7",
      "resolved": "https://registry.npmjs.org/@babel/helper-simple-access/-/helper-simple-access-7.24.7.tgz",
      "integrity": "sha512-Yc6aSKP8sC2LCXl5A1r8Ct3Y81WIkPbbUa2vjSqjce4mZLIYNu09ZpxEAGLgXWHSsH4p7jKAsK1f72Y8fH4Qdg==",
      "dev": true,
      "dependencies": {
        "@babel/types": "^7.24.7"
      },
      "engines": {
        "node": ">=6.9.0"
      }
    },
    "node_modules/@babel/helper-split-export-declaration": {
      "version": "7.24.7",
      "resolved": "https://registry.npmjs.org/@babel/helper-split-export-declaration/-/helper-split-export-declaration-7.24.7.tgz",
      "integrity": "sha512-Q/9YdLJTn/tQ4vVw8d2r9HkCZH1d50w/iS/eL0P2g+rUpg8tHl93aT4Amz8qG2sF3+sdwPnHbZ+vDohN/LwMg==",
      "dev": true,
      "dependencies": {
        "@babel/types": "^7.24.7"
      },
      "engines": {
        "node": ">=6.9.0"
      }
    },
    "node_modules/@babel/helper-validator-identifier": {
      "version": "7.24.7",
      "resolved": "https://registry.npmjs.org/@babel/helper-validator-identifier/-/helper-validator-identifier-7.24.7.tgz",
      "integrity": "sha512-r1oGyK2UkAg02OPX4m6wT0gQc52bLGNmxYqCpyyK6jdnQ+I6k2bOFhA2pihF0ZDMjNCA58Ok2e9e9zPa4/b2Pw==",
      "dev": true,
      "engines": {
        "node": ">=6.9.0"
      }
    },
    "node_modules/@babel/helper-validator-option": {
      "version": "7.24.7",
      "resolved": "https://registry.npmjs.org/@babel/helper-validator-option/-/helper-validator-option-7.24.7.tgz",
      "integrity": "sha512-n3bKPDQc8Qo3TohbAte2dPKiSj2/4A2/H/w22R54z3/hPfIcE54UcX20t/tq1a53B4I2D1wR/5yT/wYV3M9oTw==",
      "dev": true,
      "engines": {
        "node": ">=6.9.0"
      }
    },
    "node_modules/@babel/helpers": {
      "version": "7.24.7",
      "resolved": "https://registry.npmjs.org/@babel/helpers/-/helpers-7.24.7.tgz",
      "integrity": "sha512-f1WnB1+h2F2g+8zFU31YlY1n3X4lYcM1N3LdC5mGP61nL1C5j5aY9s8B28JAEo+mTRZZ+aV/nIeE0c2JA==",
      "dev": true,
      "dependencies": {
        "@babel/template": "^7.24.7",
        "@babel/traverse": "^7.24.7",
        "@babel/types": "^7.24.7"
      },
      "engines": {
        "node": ">=6.9.0"
      }
    },
    "node_modules/@babel/highlight": {
      "version": "7.24.7",
      "resolved": "https://registry.npmjs.org/@babel/highlight/-/highlight-7.24.7.tgz",
      "integrity": "sha512-r5S+kM65iB01hJcXpAdfjJS00GNs5OKK28+r5iKSEaYQJdCBEsDdJ4pPmkl0pNoQR4a9k5n718r97PTe62xCoA==",
      "dev": true,
      "dependencies": {
        "@babel/helper-validator-identifier": "^7.24.7",
        "chalk": "^2.4.2",
        "js-tokens": "^4.0.0"
      },
      "engines": {
        "node": ">=6.9.0"
      }
    },
    "node_modules/@babel/parser": {
      "version": "7.24.7",
      "resolved": "https://registry.npmjs.org/@babel/parser/-/parser-7.24.7.tgz",
      "integrity": "sha512-V5dM2q0wP25hVp4xS/3v6NBW2wM4p2P9Fcyq2a4zV08n93yjgy0IIaXgt7HYX5mXwF3cBv3vT4VqGoa3M4zZww==",
      "dev": true,
      "bin": {
        "parser": "bin/babel-parser.js"
      },
      "engines": {
        "node": ">=6.0.0"
      }
    },
    "node_modules/@babel/plugin-transform-react-jsx-development": {
      "version": "7.24.7",
      "resolved": "https://registry.npmjs.org/@babel/plugin-transform-react-jsx-development/-/plugin-transform-react-jsx-development-7.24.7.tgz",
      "integrity": "sha512-ZpIu8/3U5g9dKy16/rCFJ8V0fVdCpmG1z8N41c7bNeY95MUsA3Auw3sU9g5m/p9W52F/a5vL5n3X08QkC48sHw==",
      "dev": true,
      "dependencies": {
        "@babel/helper-plugin-utils": "^7.24.7",
        "@babel/plugin-syntax-jsx": "^7.24.7"
      },
      "engines": {
        "node": ">=6.9.0"
      },
      "peerDependencies": {
        "@babel/core": "^7.0.0-0"
      }
    },
    "node_modules/@babel/plugin-syntax-jsx": {
      "version": "7.24.7",
      "resolved": "https://registry.npmjs.org/@babel/plugin-syntax-jsx/-/plugin-syntax-jsx-7.24.7.tgz",
      "integrity": "sha512-58T3A/AkNyxJVnFv02Z29wzJ9h8X3yYyWDEZ3jQMCi0pPZYSjgED4HiU/7+Jdw6XFtW5lFwH/u/5sYjP0+nUaQ==",
      "dev": true,
      "dependencies": {
        "@babel/helper-plugin-utils": "^7.24.7"
      },
      "engines": {
        "node": ">=6.9.0"
      },
      "peerDependencies": {
        "@babel/core": "^7.0.0-0"
      }
    },
    "node_modules/@babel/template": {
      "version": "7.24.7",
      "resolved": "https://registry.npmjs.org/@babel/template/-/template-7.24.7.tgz",
      "integrity": "sha512-e8/ZfXQ6MSbqVd8Y5aUo/8yS+gOB2Y6jZ/tcK2s8yKGuxt51QPC2n13p+mAcXhHebI8uTezWtR/f5zyi4YJv/Q==",
      "dev": true,
      "dependencies": {
        "@babel/code-frame": "^7.24.7",
        "@babel/parser": "^7.24.7",
        "@babel/types": "^7.24.7"
      },
      "engines": {
        "node": ">=6.9.0"
      }
    },
    "node_modules/@babel/traverse": {
      "version": "7.24.7",
      "resolved": "https://registry.npmjs.org/@babel/traverse/-/traverse-7.24.7.tgz",
      "integrity": "sha512-3XNnIgQ91+hP7a4hYYK2dyBmqx42u6v4m/a7Z1QRSNc2v2aR57L854S5vICZSo4p99uA9cNRc0C5zY9m+ePZ2w==",
      "dev": true,
      "dependencies": {
        "@babel/code-frame": "^7.24.7",
        "@babel/generator": "^7.24.7",
        "@babel/helper-environment-visitor": "^7.24.7",
        "@babel/helper-function-name": "^7.24.7",
        "@babel/helper-hoist-variables": "^7.24.7",
        "@babel/helper-split-export-declaration": "^7.24.7",
        "@babel/parser": "^7.24.7",
        "@babel/types": "^7.24.7",
        "debug": "^4.1.0",
        "globals": "^11.1.0"
      },
      "engines": {
        "node": ">=6.9.0"
      }
    },
    "node_modules/@babel/traverse/node_modules/debug": {
      "version": "4.3.4",
      "resolved": "https://registry.npmjs.org/debug/-/debug-4.3.4.tgz",
      "integrity": "sha512-PR1b4ofeJZFkLTmycs4F9A90LJzMsCArsAlKnAYplCSxNeJZ9zKY3/ESVAhPhC5qgC5U9G3vFzyOyD8MLCifSQ==",
      "dev": true,
      "dependencies": {
        "ms": "2.1.2"
      },
      "engines": {
        "node": ">=6.0"
      },
      "peerDependenciesMeta": {
        "supports-color": {
          "optional": true
        }
      }
    },
    "node_modules/@babel/traverse/node_modules/ms": {
      "version": "2.1.2",
      "resolved": "https://registry.npmjs.org/ms/-/ms-2.1.2.tgz",
      "integrity": "sha512-sGkPx+VjMtmA6MX27oA4FBFELFCZZ4S4XqeGOXCv68tT+jb3vk/RyaKWP0PTKyWtmLSM0b+adUTEvbs1PEAxCg==",
      "dev": true
    },
    "node_modules/@babel/types": {
      "version": "7.24.7",
      "resolved": "https://registry.npmjs.org/@babel/types/-/types-7.24.7.tgz",
      "integrity": "sha512-a1/HhAALdosPCEfaq8xP2U4dw1sTNE22e2n5c9JmZ41P3T3h3w/jbrGjfgzVlM4FOU2Wk31E5YyT4P2L9vL21A==",
      "dev": true,
      "dependencies": {
        "@babel/helper-validator-identifier": "^7.24.7",
        "to-fast-properties": "^2.0.0"
      },
      "engines": {
        "node": ">=6.9.0"
      }
    },
    "node_modules/@google/genai": {
      "version": "1.9.0",
      "resolved": "https://registry.npmjs.org/@google/genai/-/genai-1.9.0.tgz",
      "integrity": "sha512-B67b8Y325NMXGMztfC1tGS4aVfJGLt65crb7iGML8a12Z+r3oT1cAT8A8PjHWsP4Juj4sA+fH7vxtCgY0KexuQ==",
      "dev": true
    },
    "node_modules/@jridgewell/gen-mapping": {
      "version": "0.3.5",
      "resolved": "https://registry.npmjs.org/@jridgewell/gen-mapping/-/gen-mapping-0.3.5.tgz",
      "integrity": "sha512-n3v8XIP3325eN1IM3nckfM5aWBL0a2qil+WB7EG3TjclDB3t7+k26A89e+DM/ROls0+2o3N2m22x5A2S5vXb5g==",
      "dev": true,
      "dependencies": {
        "@jridgewell/set-array": "^1.2.1",
        "@jridgewell/sourcemap-codec": "^1.4.15",
        "@jridgewell/trace-mapping": "^0.3.25"
      },
      "engines": {
        "node": ">=6.0.0"
      }
    },
    "node_modules/@jridgewell/resolve-uri": {
      "version": "3.1.2",
      "resolved": "https://registry.npmjs.org/@jridgewell/resolve-uri/-/resolve-uri-3.1.2.tgz",
      "integrity": "sha512-b2DUs6P82Daa4Blh2u058ASk3dUu1Qv8/292fjbDHiIS5nsym2fud2S1C3A5+i/3i9sO2iY4K1A4G5aTAVb1VA==",
      "dev": true,
      "engines": {
        "node": ">=6.0.0"
      }
    },
    "node_modules/@jridgewell/set-array": {
      "version": "1.2.1",
      "resolved": "https://registry.npmjs.org/@jridgewell/set-array/-/set-array-1.2.1.tgz",
      "integrity": "sha512-Fq2xWkIq4z3J3F2/CVj8LSDvLIQ44x0D/5zK2a/H0flLphYk8LhFER1y+cFo22b5k8eJvW3y0mg2B5h8fP3YOw==",
      "dev": true,
      "engines": {
        "node": ">=6.0.0"
      }
    },
    "node_modules/@jridgewell/sourcemap-codec": {
      "version": "1.4.15",
      "resolved": "https://registry.npmjs.org/@jridgewell/sourcemap-codec/-/sourcemap-codec-1.4.15.tgz",
      "integrity": "sha512-eF2rxCRulEKXHTRiDrDy6erMYDqNw4vOftLKenohf6unSxF2fps8vve+Sy5 ShabbMviciqCnekGSGuw9GA8eGg==",
      "dev": true
    },
    "node_modules/@jridgewell/trace-mapping": {
      "version": "0.3.25",
      "resolved": "https://registry.npmjs.org/@jridgewell/trace-mapping/-/trace-mapping-0.3.25.tgz",
      "integrity": "sha512-vNk60299tN3rGM2jgQKa+m9kSx1d6w/24Gg3zavw86Wj92iFQ232q5P0a2iRz2G6a813G6T4y3tfN1n+0p2vQ==",
      "dev": true,
      "dependencies": {
        "@jridgewell/resolve-uri": "3.1.2",
        "@jridgewell/sourcemap-codec": "1.4.15"
      }
    },
    "node_modules/@types/node": {
      "version": "20.11.20",
      "resolved": "https://registry.npmjs.org/@types/node/-/node-20.11.20.tgz",
      "integrity": "sha512-s205hYn2wsxO45TMg6j0aSk5PbfVob4Sg92K52202HgnTLn5n1H0E88vUj2yv2O12YASiMw3v3sFuq7b8t3OQ==",
      "dev": true,
      "dependencies": {
        "undici-types": "~5.26.4"
      }
    },
    "node_modules/@types/prop-types": {
      "version": "15.7.12",
      "resolved": "https://registry.npmjs.org/@types/prop-types/-/prop-types-15.7.12.tgz",
      "integrity": "sha512-5zvhXYS3icfN1wkdqrKkBwB1ZENN3sf2mq3iPGR+I26A1f4u132i0C6xPwyuT+i8e7DPYxckUr0J1V1D+hQY/w==",
      "dev": true
    },
    "node_modules/@types/react": {
      "version": "18.2.15",
      "resolved": "https://registry.npmjs.org/@types/react/-/react-18.2.15.tgz",
      "integrity": "sha512-21WJGTFku9HI8B7eR3Qk9deM2A25Y231dY/3k6ful08e15zC4KVGbrAGbVkWVdYhdspg8gI3n3P+kZf3npD+sw==",
      "dev": true,
      "dependencies": {
        "@types/prop-types": "*",
        "csstype": "^3.0.2"
      }
    },
    "node_modules/@types/react-dom": {
      "version": "18.2.7",
      "resolved": "https://registry.npmjs.org/@types/react-dom/-/react-dom-18.2.7.tgz",
      "integrity": "sha512-pCPLxV/12VnoOhj21Wj2wT9ggzP8p5ouPHz3L1TZO2z1T2aA9Hiey5cdNnN38827joa2FeiVRi0+zss/mGvJ1g==",
      "dev": true,
      "dependencies": {
        "@types/react": "*"
      }
    },
    "node_modules/@vitejs/plugin-react": {
      "version": "4.0.3",
      "resolved": "https://registry.npmjs.org/@vitejs/plugin-react/-/plugin-react-4.0.3.tgz",
      "integrity": "sha512-AqQ3bbRtF9p2T0tuYvPzK3z1j/QjdnvllIGaWpA4V8F38Xy5nysE4yQrnAr8mE7u1V1u8b9u2a3/h/PjPqOa+w==",
      "dev": true,
      "dependencies": {
        "@babel/core": "^7.22.9",
        "@babel/plugin-transform-react-jsx-development": "^7.22.5",
        "acorn": "^8.10.0",
        "estree-walker": "^2.0.2"
      },
      "engines": {
        "node": ">=18.0.0"
      },
      "peerDependencies": {
        "vite": "^4.2.0"
      },
      "peerDependenciesMeta": {
        "vite": {
          "optional": true
        }
      }
    },
    "node_modules/acorn": {
      "version": "8.11.3",
      "resolved": "https://registry.npmjs.org/acorn/-/acorn-8.11.3.tgz",
      "integrity": "sha512-Y9r2dK2E2tUhbwV8+c3/wrtC2h/2kCHcZM99n5/BLfkunsX30K4GdfQ3T8/1TMmCCNB6/y1xX/A6/2w5AijzCw==",
      "dev": true,
      "bin": {
        "acorn": "bin/acorn"
      },
      "engines": {
        "node": ">=0.4.0"
      }
    },
    "node_modules/ansi-styles": {
      "version": "3.2.1",
      "resolved": "https://registry.npmjs.org/ansi-styles/-/ansi-styles-3.2.1.tgz",
      "integrity": "sha512-VT0ZI6kZRdTh8YyJw3SMbYm/u+NqfsAxEpWO0PfLSUeoMccwDH8twbhcw9cn4AqiZTurNUV1UVAiKGJDbgl2UA==",
      "dev": true,
      "dependencies": {
        "color-convert": "^1.9.0"
      },
      "engines": {
        "node": ">=4"
      }
    },
    "node_modules/browserslist": {
      "version": "4.23.0",
      "resolved": "https://registry.npmjs.org/browserslist/-/browserslist-4.23.0.tgz",
      "integrity": "sha512-vu9QEz2i2N7GSmFz1/+/CxAm3p2wnN2J721s2y7WjKXT7W+5GsY3d2A4klbU5I4S2lOyGNtDBwQ3vjCVmcf5mg==",
      "dev": true,
      "funding": [
        {
          "type": "opencollective",
          "url": "https://opencollective.com/browserslist"
        },
        {
          "type": "tidelift",
          "url": "https://tidelift.com/funding/github/npm/browserslist"
        },
        {
          "type": "github",
          "url": "https://github.com/sponsors/ai"
        }
      ],
      "dependencies": {
        "caniuse-lite": "^1.0.30001591",
        "electron-to-chromium": "^1.4.784",
        "node-releases": "^2.0.14",
        "update-browserslist-db": "^1.0.13"
      },
      "bin": {
        "browserslist": "cli.js"
      },
      "engines": {
        "node": "^6 || ^7 || ^8 || ^9 || ^10 || ^11 || ^12 || >=13.7"
      }
    },
    "node_modules/caniuse-lite": {
      "version": "1.0.30001633",
      "resolved": "https://registry.npmjs.org/caniuse-lite/-/caniuse-lite-1.0.30001633.tgz",
      "integrity": "sha512-n3b8iM1P6HkBejVveYtIKrCHAl/xA6zI9/3a8g/g2b28/qA1piZ6d2nNslh22eRT2/+pG2A+S142sk/gC+a6Kg==",
      "dev": true,
      "funding": [
        {
          "type": "opencollective",
          "url": "https://opencollective.com/browserslist"
        },
        {
          "type": "tidelift",
          "url": "https://tidelift.com/funding/github/npm/caniuse-lite"
        }
      ]
    },
    "node_modules/chalk": {
      "version": "2.4.2",
      "resolved": "https://registry.npmjs.org/chalk/-/chalk-2.4.2.tgz",
      "integrity": "sha512-Mti+f9lpJNcwF4tWV8/OrTTzNTh4PGMAUmpQadrcbadcNwoJfaZLAiTTvV/vF2DQJJCztNPT2KcnWoPfQoeBjw==",
      "dev": true,
      "dependencies": {
        "ansi-styles": "^3.2.1",
        "escape-string-regexp": "^1.0.5",
        "supports-color": "^5.3.0"
      },
      "engines": {
        "node": ">=4"
      }
    },
    "node_modules/clsx": {
      "version": "2.0.0",
      "resolved": "https://registry.npmjs.org/clsx/-/clsx-2.0.0.tgz",
      "integrity": "sha512-r3rgs+I92L5YQmhMyZ2y/I4v2k3A36k64N74CV5Tf4KCHmES6d2a3UF21e13Cl18TjJgG2SXDnN322L53r7Dbg==",
      "engines": {
        "node": ">=6"
      }
    },
    "node_modules/color-convert": {
      "version": "1.9.3",
      "resolved": "https://registry.npmjs.org/color-convert/-/color-convert-1.9.3.tgz",
      "integrity": "sha512-QfAUtd+vFdAtFQhgtag+Yg2kYKTCwpgJp9ftagBCIIAihiXd5SnPUK6rE9DbPbnAkU4+PSyxzNLkeUrgMgBvXg==",
      "dev": true,
      "dependencies": {
        "color-name": "1.1.3"
      }
    },
    "node_modules/color-name": {
      "version": "1.1.3",
      "resolved": "https://registry.npmjs.org/color-name/-/color-name-1.1.3.tgz",
      "integrity": "sha512-72f SenhMw2PByXDbHeMMpLAw2CswTMN2tqHWhQDCmINgC3sRJGYGgZLImBPNcup2KMyoDbK6NBjOQw8qWFBOxA==",
      "dev": true
    },
    "node_modules/convert-source-map": {
      "version": "2.0.0",
      "resolved": "https://registry.npmjs.org/convert-source-map/-/convert-source-map-2.0.0.tgz",
      "integrity": "sha512-KvpKczDyBveL2A4i9sO9j/6iQcKqzShG++t/h/PZ1nLehtQIE6kL9beK/4sSSxxEdiG2vT1uT5vI8mCg24hZHw==",
      "dev": true
    },
    "node_modules/csstype": {
      "version": "3.1.3",
      "resolved": "https://registry.npmjs.org/csstype/-/csstype-3.1.3.tgz",
      "integrity": "sha512-M1uQkMl8rQK/szD0LNhtcwDiFAR9aK6p35+arE6q2d27T4IeK21aJp2yPAG22pXnb1hrYDa653a342IeWy0A8Q==",
      "dev": true
    },
    "node_modules/debug": {
      "version": "4.3.4",
      "resolved": "https://registry.npmjs.org/debug/-/debug-4.3.4.tgz",
      "integrity": "sha512-PR1b4ofeJZFkLTmycs4F9A90LJzMsCArsAlKnAYplCSxNeJZ9zKY3/ESVAhPhC5qgC5U9G3vFzyOyD8MLCifSQ==",
      "dev": true,
      "dependencies": {
        "ms": "2.1.2"
      },
      "engines": {
        "node": ">=6.0"
      },
      "peerDependenciesMeta": {
        "supports-color": {
          "optional": true
        }
      }
    },
    "node_modules/electron-to-chromium": {
      "version": "1.4.857",
      "resolved": "https://registry.npmjs.org/electron-to-chromium/-/electron-to-chromium-1.4.857.tgz",
      "integrity": "sha512-f0JdG_2/R/p0I+2Yh19bJjyeCgL+Y0vQk3GfJqOaQh9Vn2N5S0/WH1e2c9h/v7a9P442hGgq4PDKgN/9g==",
      "dev": true
    },
    "node_modules/emoji-picker-react": {
      "version": "4.5.2",
      "resolved": "https://registry.npmjs.org/emoji-picker-react/-/emoji-picker-react-4.5.2.tgz",
      "integrity": "sha512-m3s2pQ0y9A1Z1d6roPqLp/3U1S0KCKUQy2NOsK4eY3eWk/HAsD4PSHcbY3voaX3oXdn4g/vD5aIV/N8sK4IW+w==",
      "dependencies": {
        "clsx": "2.0.0"
      },
      "engines": {
        "node": ">=12.0.0"
      },
      "peerDependencies": {
        "react": "^16.8.0 || ^17.0.0 || ^18.0.0",
        "react-dom": "^16.8.0 || ^17.0.0 || ^18.0.0"
      }
    },
    "node_modules/esbuild": {
      "version": "0.18.20",
      "resolved": "https://registry.npmjs.org/esbuild/-/esbuild-0.18.20.tgz",
      "integrity": "sha512-s2N75t22kGuz3Xc2V9K29qmc3/g2g5QJ0TdfxXA2d7uR66rR++trVo823eB3+g4Mv7swYx4LRIjV2K5bZtPaSA==",
      "dev": true,
      "hasInstallScript": true,
      "bin": {
        "esbuild": "bin/esbuild"
      },
      "engines": {
        "node": ">=12"
      },
      "optionalDependencies": {
        "@esbuild/android-arm": "0.18.20",
        "@esbuild/android-arm64": "0.18.20",
        "@esbuild/android-x64": "0.18.20",
        "@esbuild/darwin-arm64": "0.18.20",
        "@esbuild/darwin-x64": "0.18.20",
        "@esbuild/freebsd-arm64": "0.18.20",
        "@esbuild/freebsd-x64": "0.18.20",
        "@esbuild/linux-arm": "0.18.20",
        "@esbuild/linux-arm64": "0.18.20",
        "@esbuild/linux-ia32": "0.18.20",
        "@esbuild/linux-loong64": "0.18.20",
        "@esbuild/linux-mips64el": "0.18.20",
        "@esbuild/linux-ppc64": "0.18.20",
        "@esbuild/linux-riscv64": "0.18.20",
        "@esbuild/linux-s390x": "0.18.20",
        "@esbuild/linux-x64": "0.18.20",
        "@esbuild/netbsd-x64": "0.18.20",
        "@esbuild/openbsd-x64": "0.18.20",
        "@esbuild/sunos-x64": "0.18.20",
        "@esbuild/win32-arm64": "0.18.20",
        "@esbuild/win32-ia32": "0.18.20",
        "@esbuild/win32-x64": "0.18.20"
      }
    },
    "node_modules/escape-string-regexp": {
      "version": "1.0.5",
      "resolved": "https://registry.npmjs.org/escape-string-regexp/-/escape-string-regexp-1.0.5.tgz",
      "integrity": "sha512-vbRorBvEUKUktC10W+F65kdPiGo2bovG9hM20XfsIWGOzBO5HkFhP6fQe9w9CAHSa9fVRas2mLK5i42GceyQ0w==",
      "dev": true,
      "engines": {
        "node": ">=0.8.0"
      }
    },
    "node_modules/estree-walker": {
      "version": "2.0.2",
      "resolved": "https://registry.npmjs.org/estree-walker/-/estree-walker-2.0.2.tgz",
      "integrity": "sha512-wIscYimATValxQ1OER7QvEMi88N/tpQiX132p2d2F358YtrhF2M2eXpsbTf+2XBcKNawqzC3mg/kydA3K/uH+w==",
      "dev": true
    },
    "node_modules/fsevents": {
      "version": "2.3.3",
      "resolved": "https://registry.npmjs.org/fsevents/-/fsevents-2.3.3.tgz",
      "integrity": "sha512-5rrqanwR3w4WpdAReIcSkL65eE2Xvns8ftB6ePaGfy3js1snw8vBfr5uyazhPy210tIQYoIoN1mTMNEss3Js1A==",
      "dev": true,
      "hasInstallScript": true,
      "optional": true,
      "os": [
        "darwin"
      ],
      "engines": {
        "node": "^8.16.0 || ^10.6.0 || >=11.0.0"
      }
    },
    "node_modules/gensync": {
      "version": "1.0.0-beta.2",
      "resolved": "https://registry.npmjs.org/gensync/-/gensync-1.0.0-beta.2.tgz",
      "integrity": "sha512-3h1tA8PM8qlKME/tA/buSopimBEIeI3F+420aWT2I2R/22A51Tj4a32x8/15Y2X2e1f+wPkvh6A02C3o3i/0wA==",
      "dev": true,
      "engines": {
        "node": ">=6.9.0"
      }
    },
    "node_modules/globals": {
      "version": "11.12.0",
      "resolved": "https://registry.npmjs.org/globals/-/globals-11.12.0.tgz",
      "integrity": "sha512-WOBp/EEGUiIsJSp7wcv/y6CTONziUIgFCKxrqo4wacN4GKbb8g5bgpbLn8DANkspTLாBwZTNmBUIoOKFB/RxoA==",
      "dev": true,
      "engines": {
        "node": ">=4"
      }
    },
    "node_modules/has-flag": {
      "version": "3.0.0",
      "resolved": "https://registry.npmjs.org/has-flag/-/has-flag-3.0.0.tgz",
      "integrity": "sha512-sKrqxLJEmdDAde2E+r5Kwd/81AlA0CV9p1OL51mF3bY5TAgGz3Iim+sNOtwdKi1gBLwJ/CVgvTbs0uhrF16zZQ==",
      "dev": true,
      "engines": {
        "node": ">=4"
      }
    },
    "node_modules/js-tokens": {
      "version": "4.0.0",
      "resolved": "https://registry.npmjs.org/js-tokens/-/js-tokens-4.0.0.tgz",
      "integrity": "sha512-RdJUflcE3cUzKiMqQgsCu06FPu9UdIJO0beYbPhHN4k6apgJtifcoCtT9bcxOpYBtpD2kCM6Sbzg4CausW/PKQ=="
    },
    "node_modules/jsesc": {
      "version": "2.5.2",
      "resolved": "https://registry.npmjs.org/jsesc/-/jsesc-2.5.2.tgz",
      "integrity": "sha512-OYu7XEzjkCQ3C5Ps3QIZsQfNpqoJyZZA99wd9aWd05NCtC5pWLeSHBso1desQL0ABrAstXM8iT8n/ssxec9a6g==",
      "dev": true,
      "bin": {
        "jsesc": "bin/jsesc"
      },
      "engines": {
        "node": ">=4"
      }
    },
    "node_modules/json5": {
      "version": "2.2.3",
      "resolved": "https://registry.npmjs.org/json5/-/json5-2.2.3.tgz",
      "integrity": "sha512-XmOWe7eySUE5H1eTMi9TmWIOJaPRAuA4rYvCagT6DOb0ZMHVmMV/gRSJnIMItE4bO8D3koC/BIsnJEN8EAwGNQ==",
      "dev": true,
      "bin": {
        "json5": "lib/cli.js"
      },
      "engines": {
        "node": ">=6"
      }
    },
    "node_modules/loose-envify": {
      "version": "1.4.0",
      "resolved": "https://registry.npmjs.org/loose-envify/-/loose-envify-1.4.0.tgz",
      "integrity": "sha512-lyuxPGr/Wfhrlem2CL/UcnUc1zcqKAImBDzukY7Y5F/yQiNdko6+fRLevlw1HgMySw7f611UIY408EtxRSoK3Q==",
      "bin": {
        "loose-envify": "cli.js"
      }
    },
    "node_modules/ms": {
      "version": "2.1.2",
      "resolved": "https://registry.npmjs.org/ms/-/ms-2.1.2.tgz",
      "integrity": "sha512-sGkPx+VjMtmA6MX27oA4FBFELFCZZ4S4XqeGOXCv68tT+jb3vk/RyaKWP0PTKyWtmLSM0b+adUTEvbs1PEAxCg==",
      "dev": true
    },
    "node_modules/nanoid": {
      "version": "3.3.7",
      "resolved": "https://registry.npmjs.org/nanoid/-/nanoid-3.3.7.tgz",
      "integrity": "sha512-ESRppjcPIat8EXwGEJRYXBcdOU0sc22eWLIDo/eNke5JTSiH1ItiPflS2a+I2Brz4vSPADsE9q7fA42f2bA7wQ==",
      "dev": true,
      "bin": {
        "nanoid": "bin/nanoid.js"
      },
      "engines": {
        "node": "^10 || ^12 || ^13.7 || ^14 || >=15.0.1"
      }
    },
    "node_modules/node-releases": {
      "version": "2.0.14",
      "resolved": "https://registry.npmjs.org/node-releases/-/node-releases-2.0.14.tgz",
      "integrity": "sha512-piWcy1ifIBh+p2Mso4kQCn3X8D3g4Q2aJGDd+Q1yUUR6it3e5a2X422g2SXA9zKbvsW3NGQgkskI3Y5dQ+o9EA==",
      "dev": true
    },
    "node_modules/picocolors": {
      "version": "1.0.1",
      "resolved": "https://registry.npmjs.org/picocolors/-/picocolors-1.0.1.tgz",
      "integrity": "sha512-anIZbMwsEBBzqc9GeaM4dPCS3rGMXm/SckYdAmDyrGGfL22/fvw4i9Y4D2/hp0O9kC2wiI+Kx128pizA3M4Bqg==",
      "dev": true
    },
    "node_modules/postcss": {
      "version": "8.4.38",
      "resolved": "https://registry.npmjs.org/postcss/-/postcss-8.4.38.tgz",
      "integrity": "sha512-o/k68vf5o/Qh2v/addeh2X4/IeM022c34a1B3aA94/n2A0aEn1mP4A4TOQzNqH6r5p2eE5KkDLSx3a0QG0gZw==",
      "dev": true,
      "dependencies": {
        "nanoid": "^3.3.7",
        "picocolors": "^1.0.1",
        "source-map-js": "^1.2.0"
      },
      "engines": {
        "node": "^10 || ^12 || >=14"
      }
    },
    "node_modules/react": {
      "version": "18.2.0",
      "resolved": "https://registry.npmjs.org/react/-/react-18.2.0.tgz",
      "integrity": "sha512-/3IjMdb2L9QbBdWiW5e3P2/npwYvrkTmsMNEGyjnsrb5tUeDjCajXuhDJhdFVOlSCuiJmGPcufTVqwK2C5Wiwg==",
      "dependencies": {
        "loose-envify": "^1.1.0"
      },
      "engines": {
        "node": ">=0.10.0"
      }
    },
    "node_modules/react-dom": {
      "version": "18.2.0",
      "resolved": "https://registry.npmjs.org/react-dom/-/react-dom-18.2.0.tgz",
      "integrity": "sha512-6IMTriUmvsjHUjNtEDudZfuDQUoWzZXnWi0lREOTweoCG11MswXpaayiyceSEbL1s3ゼGtWIJjNXOuIl5IWX2A==",
      "dependencies": {
        "loose-envify": "^1.1.0",
        "scheduler": "^0.23.0"
      },
      "peerDependencies": {
        "react": "^18.2.0"
      }
    },
    "node_modules/rollup": {
      "version": "3.29.4",
      "resolved": "https://registry.npmjs.org/rollup/-/rollup-3.29.4.tgz",
      "integrity": "sha512-qgIe0h7A5c+oEGEc21fJ325/Pfo5A56yUweF5m3o4a5/H3x+s95c/s68nGoV3u2iAgz3e+kI3N5LbzYmQ==",
      "dev": true,
      "bin": {
        "rollup": "dist/bin/rollup"
      },
      "engines": {
        "node": ">=14.18.0",
        "npm": ">=8.0.0"
      },
      "optionalDependencies": {
        "fsevents": "~2.3.2"
      }
    },
    "node_modules/scheduler": {
      "version": "0.23.2",
      "resolved": "https://registry.npmjs.org/scheduler/-/scheduler-0.23.2.tgz",
      "integrity": "sha512-EaCxDgg5I40Z2T2if+uQoza+pe+2/xP2T2T+C8iGa732/p/ERa7M3I7n2Ddn11NvdWnFpLhY4a6m2wHwZf1/QQ==",
      "dependencies": {
        "loose-envify": "^1.1.0"
      }
    },
    "node_modules/semver": {
      "version": "6.3.1",
      "resolved": "https://registry.npmjs.org/semver/-/semver-6.3.1.tgz",
      "integrity": "sha512-BR7VvDCVHO+q2xBEWskxS6DJE1qRnb81k+GibgbfaQp6iOKpHZlG70cA9ciOM3s6wAbkwWUNqjKmw6k/3DMzRg==",
      "dev": true,
      "bin": {
        "semver": "bin/semver.js"
      }
    },
    "node_modules/source-map-js": {
      "version": "1.2.0",
      "resolved": "https://registry.npmjs.org/source-map-js/-/source-map-js-1.2.0.tgz",
      "integrity": "sha512-itJW8lvSA0imCmpEJPS32LkvG2CR2d10/6iA387M0n0n3Eg1kCV9/w21h1o2vR01Yv2s1K32eD02A1s3Ira+g==",
      "dev": true,
      "engines": {
        "node": ">=0.10.0"
      }
    },
    "node_modules/supports-color": {
      "version": "5.5.0",
      "resolved": "https://registry.npmjs.org/supports-color/-/supports-color-5.5.0.tgz",
      "integrity": "sha512-QjVjwdXIt408MIiAqCX4oUKsgU2EkAGU0ciwCGCRhFsokvP2samQTLdMΩeORKiXk9DzEIJACKdEeA6C8vlscg==",
      "dev": true,
      "dependencies": {
        "has-flag": "^3.0.0"
      },
      "engines": {
        "node": ">=4"
      }
    },
    "node_modules/to-fast-properties": {
      "version": "2.0.0",
      "resolved": "https://registry.npmjs.org/to-fast-properties/-/to-fast-properties-2.0.0.tgz",
      "integrity": "sha512-adqP76jDsvYxA7V744K0G2h5BwvQh2SSycueElUiCJ6y2cIOv3JcK6t/IiAAeXpLqsv5sGo7ft+wDugkhZnw4w==",
      "dev": true,
      "engines": {
        "node": ">=4"
      }
    },
    "node_modules/typescript": {
      "version": "5.0.2",
      "resolved": "https://registry.npmjs.org/typescript/-/typescript-5.0.2.tgz",
      "integrity": "sha512-wzE1XtX0HD2eK0Jb35omRMlSPmF2zaAlrgZHyxvxTriU+f3Y7ctfCLQpWDSuiFk6JeZN6nrCM2gLAKtPUdbPMA==",
      "dev": true,
      "bin": {
        "tsc": "bin/tsc",
        "tsserver": "bin/tsserver"
      },
      "engines": {
        "node": ">=12.20"
      }
    },
    "node_modules/undici-types": {
      "version": "5.26.5",
      "resolved": "https://registry.npmjs.org/undici-types/-/undici-types-5.26.5.tgz",
      "integrity": "sha512-JlCMO+ehdEIKqlFxk6IfVoAUVmgz7cU7zD/h9XZ0qzeosSHmUJVOzSQvvYSYWXkFXC+IfLKSIffhv0sVZup6pA==",
      "dev": true
    },
    "node_modules/update-browserslist-db": {
      "version": "1.0.13",
      "resolved": "https://registry.npmjs.org/update-browserslist-db/-/update-browserslist-db-1.0.13.tgz",
      "integrity": "sha512-xebPj+s1XBd8+gBRT9250g3bM43e7Nn3Yk8Aok7w5/dAg5W15eYOf2ZHK9iV2iPZof4T9goHMOeNKz50s2sshw==",
      "dev": true,
      "funding": [
        {
          "type": "opencollective",
          "url": "https://opencollective.com/browserslist"
        },
        {
          "type": "tidelift",
          "url": "https://tidelift.com/funding/github/npm/browserslist"
        }
      ],
      "dependencies": {
        "escalade": "^3.1.1",
        "picocolors": "^1.0.0"
      },
      "bin": {
        "update-browserslist-db": "cli.js"
      },
      "peerDependencies": {
        "browserslist": ">= 4.21.0"
      }
    },
    "node_modules/update-browserslist-db/node_modules/escalade": {
      "version": "3.1.2",
      "resolved": "https://registry.npmjs.org/escalade/-/escalade-3.1.2.tgz",
      "integrity": "sha512-nk+IKf520Tqr0a184hSttidp5zTd22b4oE422yBF5So8f+mU5rPAv91x1nJv9g9bNEeUn2k9z4T0n5sT66sSzA==",
      "dev": true,
      "engines": {
        "node": ">=6"
      }
    },
    "node_modules/vite": {
      "version": "4.4.5",
      "resolved": "https://registry.npmjs.org/vite/-/vite-4.4.5.tgz",
      "integrity": "sha512-L99AsC8dYbo3vr2IK5C96i2n+5e/LALF42b2VbGQf+cRJWVpK2K5gHS2yFNuKP324rM1G1p5pDcrbKq23L0WRA==",
      "dev": true,
      "dependencies": {
        "esbuild": "^0.18.11",
        "postcss": "^8.4.27",
        "rollup": "^3.26.2"
      },
      "bin": {
        "vite": "bin/vite.js"
      },
      "engines": {
        "node": "^14.18.0 || >=16.0.0"
      },
      "funding": {
        "url": "https://github.com/sponsors/yyx990803"
      },
      "optionalDependencies": {
        "fsevents": "~2.3.2"
      },
      "peerDependencies": {
        "@types/node": ">=14",
        "less": "*",
        "lightningcss": "^1.21.0",
        "sass": "*",
        "stylus": "*",
        "sugarss": "*",
        "terser": "^5.4.0"
      },
      "peerDependenciesMeta": {
        "@types/node": {
          "optional": true
        },
        "less": {
          "optional": true
        },
        "lightningcss": {
          "optional": true
        },
        "sass": {
          "optional": true
        },
        "stylus": {
          "optional": true
        },
        "sugarss": {
          "optional": true
        },
        "terser": {
          "optional": true
        }
      }
    }
  }
}
