{
  "name": "task-donegeon-backend",
  "version": "1.0.0",
  "lockfileVersion": 3,
  "requires": true,
  "packages": {
    "": {
      "name": "task-donegeon-backend",
      "version": "1.0.0",
      "dependencies": {
        "@google/genai": "^1.9.0",
        "@supabase/supabase-js": "^2.38.4",
        "cors": "^2.8.5",
        "express": "^4.19.2",
        "multer": "^1.4.5-lts.1",
        "pg": "^8.11.3"
      }
    },
    "node_modules/@google/genai": {
      "version": "1.9.0",
      "resolved": "https://registry.npmjs.org/@google/genai/-/genai-1.9.0.tgz",
      "integrity": "sha512-B67b8Y325NMXGMztfC1tGS4aVfJGLt65crb7iGML8a12Z+r3oT1cAT8A8PjHWsP4Juj4sA+fH7vxtCgY0KexuQ=="
    },
    "node_modules/@supabase/functions-js": {
      "version": "2.3.0",
      "resolved": "https://registry.npmjs.org/@supabase/functions-js/-/functions-js-2.3.0.tgz",
      "integrity": "sha512-yA2Uq/yXkGk3CAlA+8R99SldyB6x2x6n9/p8FpAOnj4jO9f1nB50aQ0WbE8tZcE+YgSB1D3w6k9q/Fv7GA==",
      "dependencies": {
        "cross-fetch": "^3.1.5",
        "headers-polyfill": "^3.1.2"
      }
    },
    "node_modules/@supabase/gotrue-js": {
      "version": "2.56.0",
      "resolved": "https://registry.npmjs.org/@supabase/gotrue-js/-/gotrue-js-2.56.0.tgz",
      "integrity": "sha512-s/a9V9jY6oJc+n7x/91uYtVzP1P65z4ZJ7J/6xYqg3lYqV2d7J1j7q34o+6L8Fp9g1ZzC4z2r2/bZw==",
      "dependencies": {
        "cross-fetch": "^3.1.5",
        "jwt-decode": "^3.1.2"
      }
    },
    "node_modules/@supabase/postgrest-js": {
      "version": "1.11.0",
      "resolved": "https://registry.npmjs.org/@supabase/postgrest-js/-/postgrest-js-1.11.0.tgz",
      "integrity": "sha512-h82YyDTTIViBy4z90fKz5sC5yLfY8g/sK1lP4Lcnb+8A0aA2/iSc1fJ+L1lq3YwXf2zPzVf4TzY742d/lHn0qg==",
      "dependencies": {
        "cross-fetch": "^3.1.5"
      }
    },
    "node_modules/@supabase/realtime-js": {
      "version": "2.9.0",
      "resolved": "https://registry.npmjs.org/@supabase/realtime-js/-/realtime-js-2.9.0.tgz",
      "integrity": "sha512-Pq5aTDA3g1tO7O1f/kgpcfI2t5pQ4nUYI/lA4k5z3ZXx2Yv5aYQvLd7NfI5eFksqT0Bwz/UeVIy/4S3TfSj/tQ==",
      "dependencies": {
        "phoenix-css": "^4.2.0"
      }
    },
    "node_modules/@supabase/storage-js": {
      "version": "2.5.3",
      "resolved": "https://registry.npmjs.org/@supabase/storage-js/-/storage-js-2.5.3.tgz",
      "integrity": "sha512-OdpE/lY01kGqg+zJ0vOaYmSg9gD8Kx6i/W7j7lFhXfGjM5W3Z+8uT565Z5XyDOKVl9I4eX7C/A35BqP9g==",
      "dependencies": {
        "cross-fetch": "^3.1.5"
      }
    },
    "node_modules/@supabase/supabase-js": {
      "version": "2.38.4",
      "resolved": "https://registry.npmjs.org/@supabase/supabase-js/-/supabase-js-2.38.4.tgz",
      "integrity": "sha512-70tL+GkC2Vj+x7IeJ5M3N9y3K2Uf6xWkuzhQ/s5X+XfM1v8q+g8M30Yd/eZ/oJtS3k9qB7Jk5OQfLg==",
      "dependencies": {
        "@supabase/functions-js": "2.3.0",
        "@supabase/gotrue-js": "2.56.0",
        "@supabase/postgrest-js": "1.11.0",
        "@supabase/realtime-js": "2.9.0",
        "@supabase/storage-js": "2.5.3",
        "cross-fetch": "^3.1.5"
      }
    },
    "node_modules/accepts": {
      "version": "1.3.8",
      "resolved": "https://registry.npmjs.org/accepts/-/accepts-1.3.8.tgz",
      "integrity": "sha512-PYAthTa2m2VKxuvSD3DPC/Gy+U+sOA1LAuT8mkmRuvw+NACSlewbflZKeHsdNbIQhWJV7wSP+7xMGd7MWRG3aA==",
      "dependencies": {
        "mime-types": "~2.1.34",
        "negotiator": "0.6.3"
      },
      "engines": {
        "node": ">= 0.6"
      }
    },
    "node_modules/append-field": {
      "version": "1.0.0",
      "resolved": "https://registry.npmjs.org/append-field/-/append-field-1.0.0.tgz",
      "integrity": "sha512-kls0nn9af/s15K0ekNd43g3g2s21lMM2Vj6dvsWAaWc2HI/3KAaN2V2iKHeNdTz/3G2LEwCPzcwEDz3G4yA6bA=="
    },
    "node_modules/array-flatten": {
      "version": "1.1.1",
      "resolved": "https://registry.npmjs.org/array-flatten/-/array-flatten-1.1.1.tgz",
      "integrity": "sha512-PCVAQswWkS2w3oT3d2n2s/t425lD+B33QdM0v6a3BMEoZ2w4Jj4Tf4c18/rS5bA9pQvR3dYtm5Tj41wA=="
    },
    "node_modules/body-parser": {
      "version": "1.20.2",
      "resolved": "https://registry.npmjs.org/body-parser/-/body-parser-1.20.2.tgz",
      "integrity": "sha512-ml9pReCu3M61kGlqoCo2MmwZOKl4eUzRyNBsageFqJ0bBwiT+60Jg95WHkW+s7N7UupgnbFCVk3f/8W1ez6oIA==",
      "dependencies": {
        "bytes": "3.1.2",
        "content-type": "~1.0.5",
        "debug": "2.6.9",
        "depd": "2.0.0",
        "destroy": "1.2.0",
        "http-errors": "2.0.0",
        "iconv-lite": "0.4.24",
        "on-finished": "2.4.1",
        "qs": "6.11.0",
        "raw-body": "2.5.2",
        "type-is": "~1.6.18",
        "unpipe": "1.0.0"
      },
      "engines": {
        "node": ">= 0.8",
        "npm": "1.2.8000 || >= 1.4.16"
      }
    },
    "node_modules/busboy": {
      "version": "1.6.0",
      "resolved": "https://registry.npmjs.org/busboy/-/busboy-1.6.0.tgz",
      "integrity": "sha512-8r1qKi/QoEyu5K/bHeW3pcTC Kennedy/Qd+2Jyrgk7vBYlUIJDR2f82DPA12ARPSlf0h1vT2H3LbcEaP2Cr6LKtnA==",
      "dependencies": {
        "streamsearch": "^1.1.0"
      },
      "engines": {
        "node": ">=10.16.0"
      }
    },
    "node_modules/bytes": {
      "version": "3.1.2",
      "resolved": "https://registry.npmjs.org/bytes/-/bytes-3.1.2.tgz",
      "integrity": "sha512-/Nf7TyzTx6S3yRJObOAV7956r8cr2+Oj8AC5dt9wSP3BQAoeX58NoHyCU8P8zGk5ZAYCFmB6k/UiGUotEVyrpA==",
      "engines": {
        "node": ">= 0.8"
      }
    },
    "node_modules/call-bind": {
      "version": "1.0.7",
      "resolved": "https://registry.npmjs.org/call-bind/-/call-bind-1.0.7.tgz",
      "integrity": "sha512-GHTSNSY0/n+Iloe3+c/pOGg2mPveA0kI+iP62f/2LbomLxc7zcrjpOBCP4xIYQ0dJgxm5l34wT/GYafQbV2s7w==",
      "dependencies": {
        "function-bind": "^1.1.2",
        "get-intrinsic": "^1.2.4",
        "set-function-length": "^1.2.1"
      },
      "funding": {
        "url": "https://github.com/sponsors/ljharb"
      }
    },
    "node_modules/concat-stream": {
      "version": "1.6.2",
      "resolved": "https://registry.npmjs.org/concat-stream/-/concat-stream-1.6.2.tgz",
      "integrity": "sha512-27HBghJxjiZtIk3Ycvn/4kbJk/1uZuJFfuPfl632HzaYoMfJIleAms9ANvO9bZd/bD6IYHpgdD8vDgOwG306VA==",
      "dependencies": {
        "buffer-from": "^1.0.0",
        "inherits": "^2.0.3",
        "readable-stream": "^2.2.2",
        "typedarray": "^0.0.6"
      },
      "engines": [
        "node >= 0.8"
      ]
    },
    "node_modules/concat-stream/node_modules/buffer-from": {
      "version": "1.1.2",
      "resolved": "https://registry.npmjs.org/buffer-from/-/buffer-from-1.1.2.tgz",
      "integrity": "sha512-E+XQCRwSbaaiChtv6k6Dwgc+bx+Bs6/tKI5K82mszWb2g3djvQTN1atKFr8IMwuTnzcrcl2O6tfZaDE5KIImBA=="
    },
    "node_modules/concat-stream/node_modules/core-util-is": {
      "version": "1.0.3",
      "resolved": "https://registry.npmjs.org/core-util-is/-/core-util-is-1.0.3.tgz",
      "integrity": "sha512-ZQBvi1DcpJ4GDqanjveI2cuioYLI2sRuUrtHOLBIltM9e2Ah0Dj+UycajnQKtG3AHACSA5C3jiCA0A2F74xOTA=="
    },
    "node_modules/concat-stream/node_modules/inherits": {
      "version": "2.0.4",
      "resolved": "https://registry.npmjs.org/inherits/-/inherits-2.0.4.tgz",
      "integrity": "sha512-k/vGaX4/Yla3Wb6rw0/+eczIllA2VNBknjfa7P9DkkPCEVnCav3C214gLBO8Htwxg5mrkx22fXG5og0sfDodA=="
    },
    "node_modules/concat-stream/node_modules/isarray": {
      "version": "1.0.0",
      "resolved": "https://registry.npmjs.org/isarray/-/isarray-1.0.0.tgz",
      "integrity": "sha512-VLodvrSA3/b1MhVgy+e7QhP39U0uY1T3o8Q9aVah/QCn2d/cLLpXpWkL/7B4C4cn2Y2s27fW/w9U5pNBso/pA=="
    },
    "node_modules/concat-stream/node_modules/process-nextick-args": {
      "version": "1.0.7",
      "resolved": "https://registry.npmjs.org/process-nextick-args/-/process-nextick-args-1.0.7.tgz",
      "integrity": "sha512-1S1S1G/w60s0lsI3SSSmfP43S3I3eZ6T+vEn3d4Xp2P2w1uM3eR41e+iPzTq2uPRs7gVvj0E28aE08b0A=="
    },
    "node_modules/concat-stream/node_modules/readable-stream": {
      "version": "2.3.8",
      "resolved": "https://registry.npmjs.org/readable-stream/-/readable-stream-2.3.8.tgz",
      "integrity": "sha512-8p0AUgn4Zjg3rlGoB5nkaCsE17bY5AD3cDQ5/1j201a7I4DbsI3vp2o4h6k7it4aWL5i8w891l2Tj1z4s4s42Q==",
      "dependencies": {
        "core-util-is": "~1.0.0",
        "inherits": "~2.0.3",
        "isarray": "~1.0.0",
        "process-nextick-args": "~1.0.6",
        "safe-buffer": "~5.1.1",
        "string_decoder": "~1.0.3",
        "util-deprecate": "~1.0.1"
      }
    },
    "node_modules/concat-stream/node_modules/readable-stream/node_modules/safe-buffer": {
      "version": "5.1.2",
      "resolved": "https://registry.npmjs.org/safe-buffer/-/safe-buffer-5.1.2.tgz",
      "integrity": "sha512-Gd2UZBJDkXlY7GbJxfsE8/nvKkUEU1G38c1siN6QP6a9PT9MmHB8GnpscSmMJSoF8LOIrt8ud/wPtojys4G6+g=="
    },
    "node_modules/concat-stream/node_modules/string_decoder": {
      "version": "1.0.3",
      "resolved": "https://registry.npmjs.org/string_decoder/-/string_decoder-1.0.3.tgz",
      "integrity": "sha512-4AH6Z5PZocrD3UW/bL1eOogAdvvB10e0iAn3Gf3ET83jA/o0Ib6c93vA4ehzOLL2KRFK2205g1k5gQx2p2eQPA==",
      "dependencies": {
        "safe-buffer": "~5.1.0"
      }
    },
    "node_modules/concat-stream/node_modules/util-deprecate": {
      "version": "1.0.2",
      "resolved": "https://registry.npmjs.org/util-deprecate/-/util-deprecate-1.0.2.tgz",
      "integrity": "sha512-EPD5q1uXyFxJpCrAshPDZeoWBaXaoHXOk2kaJDuN4zwMM05eP1REIO5qdXawu09D/yoW7KaJwUrD2aMAcMIpAQ=="
    },
    "node_modules/content-disposition": {
      "version": "0.5.4",
      "resolved": "https://registry.npmjs.org/content-disposition/-/content-disposition-0.5.4.tgz",
      "integrity": "sha512-FveZTNuGw04cxlAiWbzi6zTAL/lhehaWbTtAV1B4J9nuCLsoloK+wejt/get4lJiooeRNV6LG46223WH5sTCog==",
      "dependencies": {
        "safe-buffer": "5.2.1"
      },
      "engines": {
        "node": ">= 0.6"
      }
    },
    "node_modules/content-type": {
      "version": "1.0.5",
      "resolved": "https://registry.npmjs.org/content-type/-/content-type-1.0.5.tgz",
      "integrity": "sha512-nTjqfcBFEipKdXCv4YDQWCfmcwBhrtoktbM6hyUXlW7T4DOA6gb4I2hJ3OasD8chY3bWZPS9InvlOrsD6AxcNA==",
      "engines": {
        "node": ">= 0.6"
      }
    },
    "node_modules/cookie": {
      "version": "0.5.0",
      "resolved": "https://registry.npmjs.org/cookie/-/cookie-0.5.0.tgz",
      "integrity": "sha512-LLYfIKM9TRd21y0i+ISy6gPoT3gE/gD6h323X3Eu3q6a+KSt84lk+lcrA2I23L2o3S9s2y2H3cnOrw69kgrsIQ==",
      "engines": {
        "node": ">= 0.6"
      }
    },
    "node_modules/cookie-signature": {
      "version": "1.0.6",
      "resolved": "https://registry.npmjs.org/cookie-signature/-/cookie-signature-1.0.6.tgz",
      "integrity": "sha512-QADzlaHc8icV8I7vbaJXJwod9HWYp8uCqf1xa4OfNu1T7JVxQIrUgOWtHdNDtPds7velggA8ACrAn3KvlZUghA=="
    },
    "node_modules/core-util-is": {
      "version": "1.0.2",
      "resolved": "https://registry.npmjs.org/core-util-is/-/core-util-is-1.0.2.tgz",
      "integrity": "sha512-3l1sOFPY4332f12I3gqg2p3/3aGuoYc23sC+o+4/3D/HeGP0C23r7d/Sjv1YwB+63cQ1L8aL/9Q9C5wYwA=="
    },
    "node_modules/cors": {
      "version": "2.8.5",
      "resolved": "https://registry.npmjs.org/cors/-/cors-2.8.5.tgz",
      "integrity": "sha512-II+l+eV/2e2r+WT+TzccbE/S1d4/LD3ddoV0Dgo1o/c0pS2t/10EnP6HkL/EMsL1tue9e10rYNa90/sDAY/AnA==",
      "dependencies": {
        "object-assign": "^4",
        "vary": "^1"
      },
      "engines": {
        "node": ">= 0.10"
      }
    },
    "node_modules/cross-fetch": {
      "version": "3.1.8",
      "resolved": "https://registry.npmjs.org/cross-fetch/-/cross-fetch-3.1.8.tgz",
      "integrity": "sha512-kI4SjXAAy1o60pB1Pna8GpWnsLgKzL5tL8F/2aQwuwxP3U0T9UtO3/pQv4gOk2yqgO/2a2/2aK46x4Q67z1hHA==",
      "dependencies": {
        "node-fetch": "2.7.0"
      }
    },
    "node_modules/debug": {
      "version": "2.6.9",
      "resolved": "https://registry.npmjs.org/debug/-/debug-2.6.9.tgz",
      "integrity": "sha512-bC7ElrdJaJnPbAP+1E4j+2CqBNhT2sh6f/iZnYaxg5fDrmvGVnbJvbC9YDO6wMH6LGLE7UDNfA1b1W+nXXYdpA==",
      "dependencies": {
        "ms": "2.0.0"
      }
    },
    "node_modules/define-data-property": {
      "version": "1.1.4",
      "resolved": "https://registry.npmjs.org/define-data-property/-/define-data-property-1.1.4.tgz",
      "integrity": "sha512-rLPcwtI4mB23eYf0e0QJ4k8aQ18VjklGPcv0E/7i3D23o2YjA3STf1821Jv3b8P/d+JCsTus8rQ33A2r0S9zA==",
      "dependencies": {
        "get-intrinsic": "^1.2.4",
        "gopd": "^1.0.1",
        "has-property-descriptors": "^1.0.2"
      },
      "engines": {
        "node": ">= 0.4"
      }
    },
    "node_modules/depd": {
      "version": "2.0.0",
      "resolved": "https://registry.npmjs.org/depd/-/depd-2.0.0.tgz",
      "integrity": "sha512-g7nH6P6dyDioJogAAGprGpCtVImJhpPk/decC6cpCR0KX13oGVmdTev0E4TLDad7s/bFUddurgud63AITgssvA==",
      "engines": {
        "node": ">= 0.8"
      }
    },
    "node_modules/destroy": {
      "version": "1.2.0",
      "resolved": "https://registry.npmjs.org/destroy/-/destroy-1.2.0.tgz",
      "integrity": "sha512-2sJGJTaXIIaR1w4iJSNoN0hnMY7GpcRACrJe Framing/zaDdqsn1AbM0CCweS+Cgjs/uAZIHrIW3FYEwtIOsEnRQBw==",
      "engines": {
        "node": ">= 0.8",
        "npm": "1.2.8000 || >= 1.4.16"
      }
    },
    "node_modules/ee-first": {
      "version": "1.1.1",
      "resolved": "https://registry.npmjs.org/ee-first/-/ee-first-1.1.1.tgz",
      "integrity": "sha512-WMwm9LhRUo+WUaRN+vRuETqG89IgZphVSNkdFgeb6sS/E4AN+NySVv7ZaILyvETeA7Yfs0P2Fiqi7gI4750RYw=="
    },
    "node_modules/encodeurl": {
      "version": "1.0.2",
      "resolved": "https://registry.npmjs.org/encodeurl/-/encodeurl-1.0.2.tgz",
      "integrity": "sha512-TPJXq8JqFaVYm2CWmPvnP2Iyo4ZSM7/QK1We5MkNEXT/fo9EIOlTIMPATe2ifbpIBuf7z3oD22w0UPZHGU6/5g==",
      "engines": {
        "node": ">= 0.8"
      }
    },
    "node_modules/escape-html": {
      "version": "1.0.3",
      "resolved": "https://registry.npmjs.org/escape-html/-/escape-html-1.0.3.tgz",
      "integrity": "sha512-NiSupZ4OeuGwr68lGIeym/ksIZMJodUGOSSc102v5udlUse6Dlt1II7GMDitkgpdyLSzgbA9IggdhI4in5OBGA=="
    },
    "node_modules/es-errors": {
      "version": "1.3.0",
      "resolved": "https://registry.npmjs.org/es-errors/-/es-errors-1.3.0.tgz",
      "integrity": "sha512-S9prK8x/S30hK4QLadJ9835kG1L7iK238Y0BfqDAiJqvyO82g1McEvL5gtgR2O/tPteRnlhIeJvRre4QeBfLrw==",
      "engines": {
        "node": ">= 0.4"
      }
    },
    "node_modules/etag": {
      "version": "1.8.1",
      "resolved": "https://registry.npmjs.org/etag/-/etag-1.8.1.tgz",
      "integrity": "sha512-aCH5GTeB2yvKubkrGqS4IYVbOm3u5g/c2f/p2yRkAL9eI/G9aIdhh55y4uI/A8ftvwdAmJBF2Fom17G2csy28g==",
      "engines": {
        "node": ">= 0.6"
      }
    },
    "node_modules/express": {
      "version": "4.19.2",
      "resolved": "https://registry.npmjs.org/express/-/express-4.19.2.tgz",
      "integrity": "sha512-5/y2GT3/S2qdrJcHlQ192y7scDTAA/Im/VNxbVwMe/g73TtUhpStR4EEDe-cU7SDaflDAD0Z1b+Db5gkeErmwQ==",
      "dependencies": {
        "accepts": "~1.3.8",
        "array-flatten": "1.1.1",
        "body-parser": "1.20.2",
        "content-disposition": "0.5.4",
        "content-type": "~1.0.4",
        "cookie": "0.5.0",
        "cookie-signature": "1.0.6",
        "debug": "2.6.9",
        "depd": "2.0.0",
        "encodeurl": "~1.0.2",
        "escape-html": "~1.0.3",
        "etag": "~1.8.1",
        "finalhandler": "1.2.0",
        "fresh": "0.5.2",
        "http-errors": "2.0.0",
        "merge-descriptors": "1.0.1",
        "methods": "~1.1.2",
        "on-finished": "2.4.1",
        "parseurl": "~1.3.3",
        "path-to-regexp": "0.1.7",
        "proxy-addr": "~2.0.7",
        "qs": "6.11.0",
        "range-parser": "~1.2.1",
        "safe-buffer": "5.2.1",
        "send": "0.18.0",
        "serve-static": "1.15.0",
        "setprototypeof": "1.2.0",
        "statuses": "2.0.1",
        "type-is": "~1.6.18",
        "utils-merge": "1.0.1",
        "vary": "~1.1.2"
      },
      "engines": {
        "node": ">= 0.10.0"
      }
    },
    "node_modules/finalhandler": {
      "version": "1.2.0",
      "resolved": "https://registry.npmjs.org/finalhandler/-/finalhandler-1.2.0.tgz",
      "integrity": "sha512-5uXcUVftlQMFnWC9qu/svkWv3GTd2PfUhK/3PLkYNAe7FbqJMt3515HaxE6eRL74Gdsriiwdsrdekl54Vag5vw==",
      "dependencies": {
        "debug": "2.6.9",
        "encodeurl": "~1.0.2",
        "escape-html": "~1.0.3",
        "on-finished": "2.4.1",
        "parseurl": "~1.3.3",
        "statuses": "2.0.1",
        "unpipe": "~1.0.0"
      },
      "engines": {
        "node": ">= 0.8"
      }
    },
    "node_modules/forwarded": {
      "version": "0.2.0",
      "resolved": "https://registry.npmjs.org/forwarded/-/forwarded-0.2.0.tgz",
      "integrity": "sha512-buDTm9zdr+HYGOPEdTTDmMr04IvvllcvkxgYFaeUIV0spBFURwL3XgyAcJqlJcE5N4hC8XKS2f4IMsSC6+uGvA==",
      "engines": {
        "node": ">= 0.6"
      }
    },
    "node_modules/fresh": {
      "version": "0.5.2",
      "resolved": "https://registry.npmjs.org/fresh/-/fresh-0.5.2.tgz",
      "integrity": "sha512-zJ2mQYM18rEFOcSW4JTnJMwML5avE5OYk5IOLtUHi905FDPs3giun5qnkODPMsM0CHz7w3DAgSWC/gOmsJwigw==",
      "engines": {
        "node": ">= 0.6"
      }
    },
    "node_modules/function-bind": {
      "version": "1.1.2",
      "resolved": "https://registry.npmjs.org/function-bind/-/function-bind-1.1.2.tgz",
      "integrity": "sha512-7XHNxkY9Tf8L0ze28a3GgN4oGrz14bTNBqg5/I6X312usw5I9aLJ72v55XBzD9RB+G2AolzwLg3vV8S2sXgT/Q==",
      "funding": {
        "url": "https://github.com/sponsors/ljharb"
      }
    },
    "node_modules/get-intrinsic": {
      "version": "1.2.4",
      "resolved": "https://registry.npmjs.org/get-intrinsic/-/get-intrinsic-1.2.4.tgz",
      "integrity": "sha512-IJRR4rs62yTfDODgytStM2QL99+Y3f8d1kz5so6i6eht993rYOF9o53c3017G6gTXfO+Fj4b2/TfIBdtOcb2ZQ==",
      "dependencies": {
        "es-errors": "^1.3.0",
        "function-bind": "^1.1.2",
        "has-proto": "^1.0.1",
        "has-symbols": "^1.0.3",
        "hasown": "^2.0.1"
      },
      "funding": {
        "url": "https://github.com/sponsors/ljharb"
      }
    },
    "node_modules/gopd": {
      "version": "1.0.1",
      "resolved": "https://registry.npmjs.org/gopd/-/gopd-1.0.1.tgz",
      "integrity": "sha512-d6x/g2OWVdk28aIta23R2imjQe9hJbS1n2/f53s22AAR1g0Q21w93o0as5lKODdZGgTkS/b4fGDR8Oh7h5f2A==",
      "dependencies": {
        "get-intrinsic": "^1.1.3"
      },
      "funding": {
        "url": "https://github.com/sponsors/ljharb"
      }
    },
    "node_modules/has-property-descriptors": {
      "version": "1.0.2",
      "resolved": "https://registry.npmjs.org/has-property-descriptors/-/has-property-descriptors-1.0.2.tgz",
      "integrity": "sha512-55U2i03e6KCRWfe1BE0aMLi5ahx1IMgcTYpP5Gpy/2g0C0jVbCFK5eXmyTfS+iM2e0L6iBAyAWXmR4g2E4sHPA==",
      "dependencies": {
        "es-errors": "^1.3.0"
      },
      "funding": {
        "url": "https://github.com/sponsors/ljharb"
      }
    },
    "node_modules/has-proto": {
      "version": "1.0.1",
      "resolved": "https://registry.npmjs.org/has-proto/-/has-proto-1.0.1.tgz",
      "integrity": "sha512-7qE+iP+O+vQ91ulFte09LOLRohKffLSfM0PbN8Gg/GeG9seMWgUGxDFyrrhlo4rWDPaoE3IicVT9cp3eO0Xevg==",
      "engines": {
        "node": ">= 0.4"
      },
      "funding": {
        "url": "https://github.com/sponsors/ljharb"
      }
    },
    "node_modules/has-symbols": {
      "version": "1.0.3",
      "resolved": "https://registry.npmjs.org/has-symbols/-/has-symbols-1.0.3.tgz",
      "integrity": "sha512-l3LCuF6MgDNwTDKkdYGEifYit/XVcsszIPp6uGlELFzoxhmOKzob3jtSgGg9ET1Gv3fxVlUPbAw9A9i92a93Xg==",
      "engines": {
        "node": ">= 0.4"
      },
      "funding": {
        "url": "https://github.com/sponsors/ljharb"
      }
    },
    "node_modules/hasown": {
      "version": "2.0.1",
      "resolved": "https://registry.npmjs.org/hasown/-/hasown-2.0.1.tgz",
      "integrity": "sha512-SMn8mA9zINr3tFe/vj2fKk2g2v62rF+VT4A/fL39xM3zvMKo3AnIMlETUqg5G9pQ2YgC23gfC1b2d3wE9wLKgA==",
      "dependencies": {
        "function-bind": "^1.1.2"
      },
      "engines": {
        "node": ">= 0.4"
      }
    },
    "node_modules/headers-polyfill": {
      "version": "3.1.2",
      "resolved": "https://registry.npmjs.org/headers-polyfill/-/headers-polyfill-3.1.2.tgz",
      "integrity": "sha512-vF2f3T6w/XNwL1g9eStglW2/cT/9yTfE4G/5Ymf6vC2K+Hn1jtkfW62KxBFtNz22+CWh227iY7kRzJwIee5kOA=="
    },
    "node_modules/http-errors": {
      "version": "2.0.0",
      "resolved": "https://registry.npmjs.org/http-errors/-/http-errors-2.0.0.tgz",
      "integrity": "sha512-FtwrG/euBzaEjYe5ZTLnaU5unpt1Oabk0whjS7vgyELzz4shpHrJsM3k7wh3CE/oENty2ylD9l0sVBu9oGvNnw==",
      "dependencies": {
        "depd": "2.0.0",
        "inherits": "2.0.4",
        "setprototypeof": "1.2.0",
        "statuses": "2.0.1",
        "toidentifier": "1.0.1"
      },
      "engines": {
        "node": ">= 0.8"
      }
    },
    "node_modules/iconv-lite": {
      "version": "0.4.24",
      "resolved": "https://registry.npmjs.org/iconv-lite/-/iconv-lite-0.4.24.tgz",
      "integrity": "sha512-v3MXnZAcvnywkADNpt1PpaggNWH2PyBNXPxWDb1GpaSphcorACUvDqPANqtwN/ApfyzGChh3NoUFmDyGDweMA==",
      "dependencies": {
        "safer-buffer": ">= 2.1.2 < 3.0.0"
      },
      "engines": {
        "node": ">=0.10.0"
      }
    },
    "node_modules/inherits": {
      "version": "2.0.4",
      "resolved": "https://registry.npmjs.org/inherits/-/inherits-2.0.4.tgz",
      "integrity": "sha512-k/vGaX4/Yla3Wb6rw0/+eczIllA2VNBknjfa7P9DkkPCEVnCav3C214gLBO8Htwxg5mrkx22fXG5og0sfDodA=="
    },
    "node_modules/ipaddr.js": {
      "version": "1.9.1",
      "resolved": "https://registry.npmjs.org/ipaddr.js/-/ipaddr.js-1.9.1.tgz",
      "integrity": "sha512-0KI/607xoxSToH7GjN1FfSbLoU0+btTicjsQSWQveFsqjfsCitBwB2GmsagxA8iHggRDjsZN13Rek5ubLh3zlg==",
      "engines": {
        "node": ">= 0.10"
      }
    },
    "node_modules/is-callable": {
      "version": "1.2.7",
      "resolved": "https://registry.npmjs.org/is-callable/-/is-callable-1.2.7.tgz",
      "integrity": "sha512-1BC0B3rV+i0/glS8H2MLSo2q43BF2sdGv4xueIe52B3LdMSoL5aTq3IeYpI0O2i2nNHDNYrZzY2C0IimwxEaA==",
      "engines": {
        "node": ">= 0.4"
      },
      "funding": {
        "url": "https://github.com/sponsors/ljharb"
      }
    },
    "node_modules/jwt-decode": {
      "version": "3.1.2",
      "resolved": "https://registry.npmjs.org/jwt-decode/-/jwt-decode-3.1.2.tgz",
      "integrity": "sha512-UfpWE/VZn0iP50d8cz9v2nA24gDjZrmANek1s7dMISBwXFqxr2wSt9LzI/bKft8kXccGD7vS1EIe8uReA2wF2g=="
    },
    "node_modules/media-typer": {
      "version": "0.3.0",
      "resolved": "https://registry.npmjs.org/media-typer/-/media-typer-0.3.0.tgz",
      "integrity": "sha512-dq+qelQ9ak2adAmxNY5oCNUdh+3CRxS2qELW94+L10lQp3iLSOFepI022o2yPgorE4fYILNwOU12lKsh2wA+4A==",
      "engines": {
        "node": ">= 0.6"
      }
    },
    "node_modules/merge-descriptors": {
      "version": "1.0.1",
      "resolved": "https://registry.npmjs.org/merge-descriptors/-/merge-descriptors-1.0.1.tgz",
      "integrity": "sha512-cCi6g3/Zr1iqQi6ySbseM1Xvooa98N0w31jzUYrXPX2xqObmF8+keSJDPVl4S3mCFzGtP6CvvaMlt9Y3v2NJvA=="
    },
    "node_modules/methods": {
      "version": "1.1.2",
      "resolved": "https://registry.npmjs.org/methods/-/methods-1.1.2.tgz",
      "integrity": "sha512-TFS6HY+w+0+8R2fXqbSAaS5hVwsTMN1wk1bD/gK95lM4jBGYbgoNbpTGNjZ9b35lLS0nDAAzscrmCOz3t7+gYQ==",
      "engines": {
        "node": ">= 0.6"
      }
    },
    "node_modules/mime": {
      "version": "1.6.0",
      "resolved": "https://registry.npmjs.org/mime/-/mime-1.6.0.tgz",
      "integrity": "sha512-x0Vn8spI+wuJ1O6S7gnbaQg8Pxh4NNHb7KSINmEWKiPE4RKOplvijn+NKMmpLVPMAYoG1nkaETniRGhNieBiow==",
      "bin": {
        "mime": "cli.js"
      },
      "engines": {
        "node": ">=4"
      }
    },
    "node_modules/mime-db": {
      "version": "1.52.0",
      "resolved": "https://registry.npmjs.org/mime-db/-/mime-db-1.52.0.tgz",
      "integrity": "sha512-sPU4uV7dYlAPeJxliKz3RTiL70BELAnGNOackBBfZoy+brZh56AybUzx2Q42BiL81AcsBIIeV9iaUCFvrFJ3gA==",
      "engines": {
        "node": ">= 0.6"
      }
    },
    "node_modules/mime-types": {
      "version": "2.1.35",
      "resolved": "https://registry.npmjs.org/mime-types/-/mime-types-2.1.35.tgz",
      "integrity": "sha512-ZDY+bPm5zTTF+YpCrAU9nK0UgICYPT0QtT1NZWFv4s++TNkcgVaT0g6+4R2uI4MjQjzysHB1zxuMA6aSz5FPdA==",
      "dependencies": {
        "mime-db": "1.52.0"
      },
      "engines": {
        "node": ">= 0.6"
      }
    },
    "node_modules/ms": {
      "version": "2.0.0",
      "resolved": "https://registry.npmjs.org/ms/-/ms-2.0.0.tgz",
      "integrity": "sha512-Tpp60P6IUJDTuOq/5Z8cdskzJdnhlTkPpdJrBFdbomBuzTxi/DsOoOFdEzInsTFAigpPflCqIuiz4nXR4YE24g=="
    },
    "node_modules/multer": {
      "version": "1.4.5-lts.1",
      "resolved": "https://registry.npmjs.org/multer/-/multer-1.4.5-lts.1.tgz",
      "integrity": "sha512-YelIeQ2++kIPh22PStI5T5R4i2xBf2214m0gbyE2JpSFaPXoPwuT2vV0ihA2z411e74gGrPjXvjRLpDscLhHcA==",
      "dependencies": {
        "append-field": "^1.0.0",
        "busboy": "^1.6.0",
        "concat-stream": "^1.6.2",
        "mkdirp": "^0.5.4",
        "object-assign": "^4.1.1",
        "type-is": "^1.6.18"
      },
      "engines": {
        "node": ">= 6.0.0"
      }
    },
    "node_modules/multer/node_modules/minimist": {
      "version": "0.0.8",
      "resolved": "https://registry.npmjs.org/minimist/-/minimist-0.0.8.tgz",
      "integrity": "sha512-miQKx3n/SkudcMA177UlD82B/ubIJYAD0VMyy0Y+n/6A3ZSwf2n73oJ2wTclK3/1P+a1g0x+K9YdGgC2VnDEQ=="
    },
    "node_modules/multer/node_modules/mkdirp": {
      "version": "0.5.6",
      "resolved": "https://registry.npmjs.org/mkdirp/-/mkdirp-0.5.6.tgz",
      "integrity": "sha512-FP+p8RB8A1/cI2H2/LR4/S0hVbL/S3kLS1/pNmUvLd/0wCx4w5kUaGfLADx5d1n9+YzaHhA9iE5I/sAZP99gA==",
      "dependencies": {
        "minimist": "^0.0.8"
      },
      "bin": {
        "mkdirp": "bin/cmd.js"
      }
    },
    "node_modules/negotiator": {
      "version": "0.6.3",
      "resolved": "https://registry.npmjs.org/negotiator/-/negotiator-0.6.3.tgz",
      "integrity": "sha512-+EUsqGPLsM+j/zdChZjsnX51g4XrHFOdNwGo35w31MSCvcgxCyM/2mFdkwuxsbPDDPORNvYcuZyr6ignHOdAFw==",
      "engines": {
        "node": ">= 0.6"
      }
    },
    "node_modules/node-fetch": {
      "version": "2.7.0",
      "resolved": "https://registry.npmjs.org/node-fetch/-/node-fetch-2.7.0.tgz",
      "integrity": "sha512-c4FRfUm/MiRrqABd6rg0Yoxb2IIqMbuJoId8xMbZtdAaVf3wEVkvNlGkNC6yMiuuFwrdKVqqjIKTJQLGf1hY4Q==",
      "dependencies": {
        "whatwg-url": "^5.0.0"
      },
      "engines": {
        "node": "4.x || >=6.0.0"
      },
      "peerDependencies": {
        "encoding": "^0.1.0"
      },
      "peerDependenciesMeta": {
        "encoding": {
          "optional": true
        }
      }
    },
    "node_modules/object-assign": {
      "version": "4.1.1",
      "resolved": "https://registry.npmjs.org/object-assign/-/object-assign-4.1.1.tgz",
      "integrity": "sha512-rJgTQnkUnH1sFw8yT6VSU3zD3sW2t62DaceBAbg9823pTx6MOMcxXadjgG5Qx24Oo+BEEzohhOJ736dWan210A==",
      "engines": {
        "node": ">=0.10.0"
      }
    },
    "node_modules/on-finished": {
      "version": "2.4.1",
      "resolved": "https://registry.npmjs.org/on-finished/-/on-finished-2.4.1.tgz",
      "integrity": "sha512-oVlzkg3ENMNrE7S+etb1mDEyvFRoxOuKVvxArtgIYz2rSiPaCd3hbrZdEb5e+Sj8xxb7sKatmisCCMk3M9wOXQ==",
      "dependencies": {
        "ee-first": "1.1.1"
      },
      "engines": {
        "node": ">= 0.8"
      }
    },
    "node_modules/parseurl": {
      "version": "1.3.3",
      "resolved": "https://registry.npmjs.org/parseurl/-/parseurl-1.3.3.tgz",
      "integrity": "sha512-CiyeOxFT/JZyN5m0z9PfXw4SC+P3pwQOK0+G46x835Xj3yPWAV5iLgpkUUTAGy4/Cgg8pAnS4a3DQNrVhkyWHQ==",
      "engines": {
        "node": ">= 0.8"
      }
    },
    "node_modules/path-to-regexp": {
      "version": "0.1.7",
      "resolved": "https://registry.npmjs.org/path-to-regexp/-/path-to-regexp-0.1.7.tgz",
      "integrity": "sha512-5DFaq9ORH3I7p55u/BS5Jp/lPCEY/p7I4a2W5p7f2yqIOLP2e/O2n/5yoDymwm1p/bdsO8t2bE5Dwzcb/f/CXQ=="
    },
    "node_modules/pg": {
      "version": "8.11.3",
      "resolved": "https://registry.npmjs.org/pg/-/pg-8.11.3.tgz",
      "integrity": "sha512-z98XbI9wvlBE5ozVZv+V3i3qk6Q1iF8D2kO33/u53ph8nIWmW9bAlpcdj8j6BHeZ+545nK5J3iG3k+T/yFLwMA==",
      "dependencies": {
        "pg-connection-string": "^2.6.2",
        "pg-int8": "^1.0.1",
        "pg-pool": "^3.6.1",
        "pg-protocol": "^1.6.0",
        "pg-types": "^4.0.1",
        "pgpass": "^1.0.5"
      },
      "engines": {
        "node": ">= 12.0.0"
      }
    },
    "node_modules/pg-connection-string": {
      "version": "2.6.2",
      "resolved": "https://registry.npmjs.org/pg-connection-string/-/pg-connection-string-2.6.2.tgz",
      "integrity": "sha512-c2u0aP26Zt4F8J4jBr0k30Vub0uX3iVr9A5qL9M4wLgGg0622kS7yS/KooLq3j+NlcYxQpnaW23iXbW+pY/Ew=="
    },
    "node_modules/pg-int8": {
      "version": "1.0.1",
      "resolved": "https://registry.npmjs.org/pg-int8/-/pg-int8-1.0.1.tgz",
      "integrity": "sha512-nNfJ+n0nARkqt52/rU3kO4l+cQxPprG8eP8pniF+Q5sXwQ/y+55Rj0fKl5vKqndZ0LwOXRz1fQjW+/iYJ3/Qrg=="
    },
    "node_modules/pg-pool": {
      "version": "3.6.1",
      "resolved": "https://registry.npmjs.org/pg-pool/-/pg-pool-3.6.1.tgz",
      "integrity": "sha512-hQzzdDAUWxIibG7w35T2aZuU/2oVfPgW/iWssL23Hbxm8j/1G5rPq262YI3Gz16jK/7m2fB5M6K+u6x3b35vQ==",
      "engines": {
        "node": ">= 12.0.0"
      }
    },
    "node_modules/pg-protocol": {
      "version": "1.6.0",
      "resolved": "https://registry.npmjs.org/pg-protocol/-/pg-protocol-1.6.0.tgz",
      "integrity": "sha512-2BupGtsyjpCR62zaKc88V91Vy44n3n5l47i5Pz4NypgXQcWb66/aT907mcx+M7v/IIc0py3g0xWHoYdgvT0pbg==",
      "dependencies": {
        "pg-int8": "^1.0.1"
      }
    },
    "node_modules/pg-types": {
      "version": "4.0.1",
      "resolved": "https://registry.npmjs.org/pg-types/-/pg-types-4.0.1.tgz",
      "integrity": "sha512-fLz6KhtWWDg8V3pPcooFRontd/xKxMoB63/tA2M/jPjB6gvOMy4Sj3/p8hGAa4N4sL2zR005S3g9zGqX/7zbgA==",
      "dependencies": {
        "postgres-array": "^3.0.1",
        "postgres-date": "^2.1.0",
        "postgres-interval": "^2.0.0",
        "postgres-range": "^1.1.1"
      }
    },
    "node_modules/pgpass": {
      "version": "1.0.5",
      "resolved": "https://registry.npmjs.org/pgpass/-/pgpass-1.0.5.tgz",
      "integrity": "sha512-SohpE3WbDBr0/fT0nI4LCL+Q6A7b1F22D/PJe1jO06/T0P4a7pM7d62nAGx13u+Pf3dF/1Y9wL4aYkL8A==",
      "dependencies": {
        "split2": "^3.2.2"
      }
    },
    "node_modules/phoenix-css": {
      "version": "4.2.0",
      "resolved": "https://registry.npmjs.org/phoenix-css/-/phoenix-css-4.2.0.tgz",
      "integrity": "sha512-YjFkZ4T5p4F1A5G8pQjU/dZhoIu74s2T75/2D0FzR9Qyf31mKxrG2Mv7+XQ8d5T1nO7JbYJ7BgyQG6A=="
    },
    "node_modules/postgres-array": {
      "version": "3.0.1",
      "resolved": "https://registry.npmjs.org/postgres-array/-/postgres-array-3.0.1.tgz",
      "integrity": "sha512-tL+2r+c25w3wpcgVlP/y9sA22zM/w36d4s1hF/q2l8y3a0eVauVzVl07UlkX7d4b4yQ57k+z4x2hS5DKA=="
    },
    "node_modules/postgres-date": {
      "version": "2.1.0",
      "resolved": "https://registry.npmjs.org/postgres-date/-/postgres-date-2.1.0.tgz",
      "integrity": "sha512-3EM24TzC4F2231M1b2gL0z51yHe0YHYj8Q5mIMZxUSt2s3AfnED7mQpH3nS0Mj62wTOr51XvLNbP6gTj2uFkXw=="
    },
    "node_modules/postgres-interval": {
      "version": "2.0.0",
      "resolved": "https://registry.npmjs.org/postgres-interval/-/postgres-interval-2.0.0.tgz",
      "integrity": "sha512-OaH3S3iL/MyfBvNc3ovVn0g662t4k4M+LwCtm03yT1fG6vJ3r+5L9m2iY7mPkkYHEz4M5xW2w1fL35P+M6+Xg==",
      "dependencies": {
        "xtend": "^4.0.2"
      }
    },
    "node_modules/postgres-range": {
      "version": "1.1.1",
      "resolved": "https://registry.npmjs.org/postgres-range/-/postgres-range-1.1.1.tgz",
      "integrity": "sha512-j73LUNu4WBC8/ZkLp8B+8UeYxZf75J7G86eJsT1yE1gU/c5j4L5Q7P7m24z3d2aAP3tHiIS4pxuYt6+qA=="
    },
    "node_modules/proxy-addr": {
      "version": "2.0.7",
      "resolved": "https://registry.npmjs.org/proxy-addr/-/proxy-addr-2.0.7.tgz",
      "integrity": "sha512-llQsMLSdufSGLDS0E95hbijSVEsS2ZUmC+O0kgcmnPdvpi/15JbmdOxy5ascfO95aMo4oaxbqo3LtTC/2pM6gA==",
      "dependencies": {
        "forwarded": "0.2.0",
        "ipaddr.js": "1.9.1"
      },
      "engines": {
        "node": ">= 0.10"
      }
    },
    "node_modules/qs": {
      "version": "6.11.0",
      "resolved": "https://registry.npmjs.org/qs/-/qs-6.11.0.tgz",
      "integrity": "sha512-MvjoMCJwEarSbUYk5P1sym84o6pg1kUWubpIa2ab1ExNPGVELBl+T5TMXb73K1gGce5FS4sLhgyg576wYWTMGg==",
      "dependencies": {
        "side-channel": "^1.0.4"
      },
      "engines": {
        "node": ">=0.6"
      },
      "funding": {
        "url": "https://github.com/sponsors/ljharb"
      }
    },
    "node_modules/range-parser": {
      "version": "1.2.1",
      "resolved": "https://registry.npmjs.org/range-parser/-/range-parser-1.2.1.tgz",
      "integrity": "sha512-Hrgsx+orqoygn9bCDtuB3G/2kvEvnZOpTaNgMq3WzVvBmWhiNsA2r29h12iKAW/bOa3ByS2N+tffl3i3B3rqYg==",
      "engines": {
        "node": ">= 0.6"
      }
    },
    "node_modules/raw-body": {
      "version": "2.5.2",
      "resolved": "https://registry.npmjs.org/raw-body/-/raw-body-2.5.2.tgz",
      "integrity": "sha512-8zGqKCX1dPXZh4aE0N3XWTE0eEwe5KYoG36TsVEj3A/kOhTNPfTfUQS2iP61T4t4q4P15c323s3s31/2k4fDA==",
      "dependencies": {
        "bytes": "3.1.2",
        "http-errors": "2.0.0",
        "iconv-lite": "0.4.24",
        "unpipe": "1.0.0"
      },
      "engines": {
        "node": ">= 0.8"
      }
    },
    "node_modules/safe-buffer": {
      "version": "5.2.1",
      "resolved": "https://registry.npmjs.org/safe-buffer/-/safe-buffer-5.2.1.tgz",
      "integrity": "sha512-rp3So07KTAcdecxYOdbZ1Y4s4IY0EC+nsNfr2kLIXbopso18kGHLSck8VIU6VQzG7iJae1ho4ly49h9OxWeaFw=="
    },
    "node_modules/safer-buffer": {
      "version": "2.1.2",
      "resolved": "https://registry.npmjs.org/safer-buffer/-/safer-buffer-2.1.2.tgz",
      "integrity": "sha512-YZo3K82SD7Riyi0E1EQPojLz7kpepnSQI9bvyGy8BYul9oii9l8gceBDg2uraMxC37HciPaMUiLkZE5z7eA/gA=="
    },
    "node_modules/send": {
      "version": "0.18.0",
      "resolved": "https://registry.npmjs.org/send/-/send-0.18.0.tgz",
      "integrity": "sha512-qqWzuOjSFOuqPjFe4KyDjMMoOk3e+3rho8vjevjQvcasrgG+aywdfUTwH3aTCr2h7dTNTsL2eE6BLo7AiiK2xw==",
      "dependencies": {
        "debug": "2.6.9",
        "depd": "2.0.0",
        "destroy": "1.2.0",
        "encodeurl": "~1.0.2",
        "escape-html": "~1.0.3",
        "etag": "~1.8.1",
        "fresh": "0.5.2",
        "http-errors": "2.0.0",
        "mime": "1.6.0",
        "ms": "2.1.3",
        "on-finished": "2.4.1",
        "range-parser": "~1.2.1",
        "statuses": "2.0.1"
      },
      "engines": {
        "node": ">= 0.8.0"
      }
    },
    "node_modules/send/node_modules/ms": {
      "version": "2.1.3",
      "resolved": "https://registry.npmjs.org/ms/-/ms-2.1.3.tgz",
      "integrity": "sha512-6FlzubTLZG3J2a/NVCAle/KpjPDb2NKhCWbfGDR9tS2sPaF2CV6EB4zqsCxnw/fHwloP95gcHHuq3Sc9SA1nLQ=="
    },
    "node_modules/serve-static": {
      "version": "1.15.0",
      "resolved": "https://registry.npmjs.org/serve-static/-/serve-static-1.15.0.tgz",
      "integrity": "sha512-QGBCALHU8b/6VLpcOVzJA28oK30kU2CjNb8YCl6XQ73/1PYbJ24rwt2xMYbPS30uns4m23v73Z3n78k31T1CgQ==",
      "dependencies": {
        "encodeurl": "~1.0.2",
        "escape-html": "~1.0.3",
        "parseurl": "~1.3.3",
        "send": "0.18.0"
      },
      "engines": {
        "node": ">= 0.8.0"
      }
    },
    "node_modules/set-function-length": {
      "version": "1.2.1",
      "resolved": "https://registry.npmjs.org/set-function-length/-/set-function-length-1.2.1.tgz",
      "integrity": "sha512-s/5vilczMA59OU2e4+4n3K7/uVyc7Ktc4J6S2o3QxL3LdC288ooY7/Y2gd00g0K3vQPAoMv1tK/k8oPSczL3XQ==",
      "dependencies": {
        "define-data-property": "^1.1.4",
        "es-errors": "^1.3.0",
        "function-bind": "^1.1.2",
        "has-property-descriptors": "^1.0.2",
        "is-callable": "^1.2.7"
      },
      "engines": {
        "node": ">= 0.4"
      }
    },
    "node_modules/setprototypeof": {
      "version": "1.2.0",
      "resolved": "https://registry.npmjs.org/setprototypeof/-/setprototypeof-1.2.0.tgz",
      "integrity": "sha512-E5LDX7Wrp856AWgU/eAunE3eF84dMjAbe7bRTUTbMIH2wNSqS37dHGUPjXJbL3VSoPSibMiIMikszxXw9vIIfQ=="
    },
    "node_modules/side-channel": {
      "version": "1.0.4",
      "resolved": "https://registry.npmjs.org/side-channel/-/side-channel-1.0.4.tgz",
      "integrity": "sha512-q5XPytqFEgnHkGvg7nkAMK+o0A4e6mLRfbywS3L2VABtgj51pbTDaUR3NDNNk/OA0vnFlNQEXrUTFHUP0sbtag==",
      "dependencies": {
        "call-bind": "^1.0.0",
        "get-intrinsic": "^1.0.2",
        "object-inspect": "^1.9.0"
      },
      "engines": {
        "node": ">= 0.4"
      },
      "funding": {
        "url": "https://github.com/sponsors/ljharb"
      }
    },
    "node_modules/side-channel/node_modules/object-inspect": {
      "version": "1.13.1",
      "resolved": "https://registry.npmjs.org/object-inspect/-/object-inspect-1.13.1.tgz",
      "integrity": "sha512-5qoj1RUiKOMs8bL2CWKBJdgp0N0lssuB5/61Bwh33jUIZA42aD13cYcPWF2g42so4i0YASsSttr06g40q8X0DQ==",
      "funding": {
        "url": "https://github.com/sponsors/ljharb"
      }
    },
    "node_modules/split2": {
      "version": "3.2.2",
      "resolved": "https://registry.npmjs.org/split2/-/split2-3.2.2.tgz",
      "integrity": "sha512-2B3dJvB7N01f6v4gQ6JRAY9WBE430EAnj3X4T3H30a2n/4g62t2vXgm32bIx5fDBguDY3O084F/jIC2vJbVqJg==",
      "dependencies": {
        "through2": "^3.0.0"
      },
      "bin": {
        "split2": "bin.js"
      }
    },
    "node_modules/statuses": {
      "version": "2.0.1",
      "resolved": "https://registry.npmjs.org/statuses/-/statuses-2.0.1.tgz",
      "integrity": "sha512-lYfbb4r2bFnOF7aSY5k2sK22a0LAlGVE1JFn92uS272hR1mdDk/eEV9Gf3/tkrGuo6ysD0dK0o70DSQD4QoDKA==",
      "engines": {
        "node": ">= 0.8"
      }
    },
    "node_modules/streamsearch": {
      "version": "1.1.0",
      "resolved": "https://registry.npmjs.org/streamsearch/-/streamsearch-1.1.0.tgz",
      "integrity": "sha512-Mcc5wHehp9aXz1ax6bZUyY5afg9u2rv5cqQI3mRrYkGC8rW2hM02jWuwjtL++LS5qinE2Q92YkMB8qdMHT5Ycw==",
      "engines": {
        "node": ">=10.0.0"
      }
    },
    "node_modules/through2": {
      "version": "3.0.1",
      "resolved": "https://registry.npmjs.org/through2/-/through2-3.0.1.tgz",
      "integrity": "sha512-pj02b4ilGUP2L2I3i0W3Sg+2eIyQaE4582XgD4+7u0uAXVwzPcBA6C8T6c3mmS2tYQ5L4pveAVc3jLdJpT+JJA==",
      "dependencies": {
        "readable-stream": "^3.0.0",
        "xtend": "^4.0.1"
      }
    },
    "node_modules/through2/node_modules/readable-stream": {
      "version": "3.6.2",
      "resolved": "https://registry.npmjs.org/readable-stream/-/readable-stream-3.6.2.tgz",
      "integrity": "sha512-9u/sniCrY3D5WdsERHzHE4G2YCXqoGguLsyS+qO1DBzA/s5PmcOpcS3b0648K1r71s7Boxs99NkvA2k+uYkIWg==",
      "dependencies": {
        "inherits": "^2.0.3",
        "string_decoder": "^1.1.1",
        "util-deprecate": "^1.0.1"
      },
      "engines": {
        "node": ">= 6"
      }
    },
    "node_modules/through2/node_modules/string_decoder": {
      "version": "1.3.0",
      "resolved": "https://registry.npmjs.org/string_decoder/-/string_decoder-1.3.0.tgz",
      "integrity": "sha512-hkRX8U1WjJFd8LsDJ2yQ/wBhzC+5fCuFjQXJ2mxio1kTlwsOVeiP1GscZsCoLlvze1Qmcp5rJS+ckScKL8QPmw==",
      "dependencies": {
        "safe-buffer": "~5.2.0"
      }
    },
    "node_modules/toidentifier": {
      "version": "1.0.1",
      "resolved": "https://registry.npmjs.org/toidentifier/-/toidentifier-1.0.1.tgz",
      "integrity": "sha512-o5sSPKEkgOgrbTwWwJilJmM5z2FUgrUNfJQzI6pAxaeHslivTAvfeSPQG2Sj+AYeYXLvefgz+v5DTk0jpLgr2Q==",
      "engines": {
        "node": ">=0.6"
      }
    },
    "node_modules/tr46": {
      "version": "0.0.3",
      "resolved": "https://registry.npmjs.org/tr46/-/tr46-0.0.3.tgz",
      "integrity": "sha512-N3WMptNSc7tCOLxCvP4wPUIk/prY8jI1MeFlm1ST0XgaDE3fyswh1LJ36BwCeEA4a625q00qVHA7zVmJtOK2sA=="
    },
    "node_modules/typedarray": {
      "version": "0.0.6",
      "resolved": "https://registry.npmjs.org/typedarray/-/typedarray-0.0.6.tgz",
      "integrity": "sha512-I2Tmiqc0vjZ402u8ewc43tnk3wgn2S2Pj9r0hPPA8E/P7z6O/EgeMPJ4yCgqikKfsz2fVRh26/bCgG13dGl/UQ=="
    },
    "node_modules/type-is": {
      "version": "1.6.18",
      "resolved": "https://registry.npmjs.org/type-is/-/type-is-1.6.18.tgz",
      "integrity": "sha512-TkRKr9sUTxEH8MdfuCSP7VizJyzRNMjj2J2do2Jr3Kym598JVdEksuzPQCnlFPW4ky9Q+iA+ma9audl0d0/mWQ==",
      "dependencies": {
        "media-typer": "0.3.0",
        "mime-types": "~2.1.24"
      },
      "engines": {
        "node": ">= 0.6"
      }
    },
    "node_modules/unpipe": {
      "version": "1.0.0",
      "resolved": "https://registry.npmjs.org/unpipe/-/unpipe-1.0.0.tgz",
      "integrity": "sha512-pjy2bYhSsufwWlKwPc+l3cN7wCpClAuyok5UIOPSEuSSBDPaVrtM1SjA5Qqr0QJu2jPHAC5mvbp/qNVk5gbORQ==",
      "engines": {
        "node": ">= 0.8"
      }
    },
    "node_modules/util-deprecate": {
      "version": "1.0.2",
      "resolved": "https://registry.npmjs.org/util-deprecate/-/util-deprecate-1.0.2.tgz",
      "integrity": "sha512-EPD5q1uXyFxJpCrAshPDZeoWBaXaoHXOk2kaJDuN4zwMM05eP1REIO5qdXawu09D/yoW7KaJwUrD2aMAcMIpAQ=="
    },
    "node_modules/utils-merge": {
      "version": "1.0.1",
      "resolved": "https://registry.npmjs.org/utils-merge/-/utils-merge-1.0.1.tgz",
      "integrity": "sha512-pMZTvIkT1d+TFGvDOqodOclx9+e2fRNky/XTnlrC/rM0PPorSTTzEMrmjBwJzsd4ty2v7f2bZTWo3LS2sVc9Ew==",
      "engines": {
        "node": ">= 0.4.0"
      }
    },
    "node_modules/vary": {
      "version": "1.1.2",
      "resolved": "https://registry.npmjs.org/vary/-/vary-1.1.2.tgz",
      "integrity": "sha512-BNGbWLfd0eUPab9x4TfU2h0gC69kH2vCQCeOEY5Cod5I1tcd2jOR9fVwSAPPSLPIv3o6H0Cg69vWELbL50PS0g==",
      "engines": {
        "node": ">= 0.8"
      }
    },
    "node_modules/webidl-conversions": {
      "version": "3.0.1",
      "resolved": "https://registry.npmjs.org/webidl-conversions/-/webidl-conversions-3.0.1.tgz",
      "integrity": "sha512-2JAn3z8AR6rjK8UguRZytif+1kUyrffCYA9AgsCFkDsgaK7VBow92vNF2IzuTa8fW6xNGkchiwPfgBlOsVLovA=="
    },
    "node_modules/whatwg-url": {
      "version": "5.0.0",
      "resolved": "https://registry.npmjs.org/whatwg-url/-/whatwg-url-5.0.0.tgz",
      "integrity": "sha512-saE57nup5qENOQUOyTaWoYg0eGYj+s2n8NRs18S2S0XWpuwe5vceG4207z7D3e1hFw/yMC5I6BAbTMAB6o004A==",
      "dependencies": {
        "tr46": "~0.0.3",
        "webidl-conversions": "^3.0.1"
      }
    },
    "node_modules/xtend": {
      "version": "4.0.2",
      "resolved": "https://registry.npmjs.org/xtend/-/xtend-4.0.2.tgz",
      "integrity": "sha512-LKYU1iAXJXUgAXn9URjiu+MWhyUXHsvfp7mcuYm9dSUKK0eHBLimOcaY5H5K0AYCX2z/kLsYpfkBzaCrmIostA==",
      "engines": {
        "node": ">=0.4"
      }
    }
  }
}
