{
  "name": "task-donegeon-backend",
  "version": "1.0.0",
  "lockfileVersion": 3,
  "requires": true,
  "packages": {
    "": {
      "name": "task-donegeon-backend",
      "version": "1.0.0",
      "hasInstallScript": true,
      "dependencies": {
        "@fastify/cors": "^8.2.1",
        "@fastify/jwt": "^6.7.1",
        "@fastify/static": "^6.10.2",
        "@prisma/client": "^4.12.0",
        "bcryptjs": "^2.4.3",
        "fastify": "^4.15.0",
        "zod": "^3.21.4"
      },
      "devDependencies": {
        "@types/bcryptjs": "^2.4.2",
        "@types/node": "^18.15.11",
        "prisma": "^4.12.0",
        "ts-node-dev": "^2.0.0",
        "typescript": "^5.0.4"
      }
    },
    "node_modules/@cspotcode/source-map-support": {
      "version": "0.8.1",
      "resolved": "https://registry.npmjs.org/@cspotcode/source-map-support/-/source-map-support-0.8.1.tgz",
      "integrity": "sha512-BfN3o8Q6jA8m21b14aPZFr22Q8L/11sZ2d2k6gp8+sS1WTC8a2B11QZ61P0Q2d2pG/vOq2W77dRh3n3YfQ==",
      "dev": true,
      "dependencies": {
        "@jridgewell/trace-mapping": "^0.3.9"
      },
      "engines": {
        "node": ">=12"
      }
    },
    "node_modules/@fastify/cors": {
      "version": "8.2.1",
      "resolved": "https://registry.npmjs.org/@fastify/cors/-/cors-8.2.1.tgz",
      "integrity": "sha512-eTcs02m/aK2HFzQoKpyh2V44bbrAYe/2fXdd4eS9S1M2g1w5VnaGnxF0YnaO6T5I1HlMSQd2a/A48UY95E6aKw==",
      "dependencies": {
        "fastify-plugin": "^4.0.0",
        "vary": "^1.1.2"
      },
      "engines": {
        "node": ">=14"
      }
    },
    "node_modules/@fastify/error": {
      "version": "3.3.0",
      "resolved": "https://registry.npmjs.org/@fastify/error/-/error-3.3.0.tgz",
      "integrity": "sha512-P5a+eJjKht02prh2jBArW8nStIsjFpT25sT/2nQ0G2iQfW4lYSt2c5qBXzDY5yEGf7ODsQdK+2hwCg6jL2pXdA==",
      "engines": {
        "node": ">=14.19.0"
      }
    },
    "node_modules/@fastify/jwt": {
      "version": "6.7.1",
      "resolved": "https://registry.npmjs.org/@fastify/jwt/-/jwt-6.7.1.tgz",
      "integrity": "sha512-Z5TdaK8GzV3b3mP2+dMCX/6P26WfC+kcxItjA0y3NuGbfBq+5M222/t2cM+d6P8Jd2o+iJtChsbtL4mU2Ym/eg==",
      "dependencies": {
        "fastify-plugin": "^4.0.0",
        "jsonwebtoken": "^9.0.0"
      },
      "engines": {
        "node": ">=14"
      }
    },
    "node_modules/@fastify/static": {
      "version": "6.10.2",
      "resolved": "https://registry.npmjs.org/@fastify/static/-/static-6.10.2.tgz",
      "integrity": "sha512-1KuDJqz4TjM3VR12x+5iL+b2+Al/N2A0s2h3H444aYroXOo2Qk6ZJ0mXL8k6m2q+/A2xM2mtlQU8rt1tO4LCSg==",
      "dependencies": {
        "fastify-plugin": "^4.0.0",
        "send": "^0.18.0"
      },
      "engines": {
        "node": ">=14.0.0"
      }
    },
    "node_modules/@jridgewell/resolve-uri": {
      "version": "3.1.0",
      "resolved": "https://registry.npmjs.org/@jridgewell/resolve-uri/-/resolve-uri-3.1.0.tgz",
      "integrity": "sha512-d+of9lPscyS9/2T/u2V7S2S87D59w4s8oF/AHP02k32230QCYe/gnLT20a0etM381s3hX6T3s3V+ixr/2fA5A==",
      "dev": true,
      "engines": {
        "node": ">=6.0.0"
      }
    },
    "node_modules/@jridgewell/sourcemap-codec": {
      "version": "1.4.15",
      "resolved": "https://registry.npmjs.org/@jridgewell/sourcemap-codec/-/sourcemap-codec-1.4.15.tgz",
      "integrity": "sha512-eF209n2e+foN/t1iQ7T2Ef1Z6vL32jTlk2oN8+i41hAxn+e6L/UvIJerU/16pB3v76kM5p3vyIq2m5tMh+w4A==",
      "dev": true
    },
    "node_modules/@jridgewell/trace-mapping": {
      "version": "0.3.17",
      "resolved": "https://registry.npmjs.org/@jridgewell/trace-mapping/-/trace-mapping-0.3.17.tgz",
      "integrity": "sha512-MCNzR699265sPj2iNTi53J5/LgQTl8tT5VUFbN0i14GARAhy72faTe5qXv0xJb7GflVd4v2s1K12vIL6Tmr1oA==",
      "dev": true,
      "dependencies": {
        "@jridgewell/resolve-uri": "3.1.0",
        "@jridgewell/sourcemap-codec": "1.4.15"
      }
    },
    "node_modules/@prisma/client": {
      "version": "4.12.0",
      "resolved": "https://registry.npmjs.org/@prisma/client/-/client-4.12.0.tgz",
      "integrity": "sha512-t0JcR/d02gA/h0T2HzfLvu3Q03pA2eA9iWUNbZV/wIu2uNA0754iCimuozLp7jE5Tf3u4L8IIM+k30K5+s4Okw==",
      "hasInstallScript": true,
      "dependencies": {
        "@prisma/engines-version": "4.12.0-57.659ef412370fa3b41cd7bf6e94587c15582b8e56"
      },
      "engines": {
        "node": ">=14.17"
      },
      "peerDependencies": {
        "prisma": "*"
      },
      "peerDependenciesMeta": {
        "prisma": {
          "optional": true
        }
      }
    },
    "node_modules/@prisma/debug": {
      "version": "4.12.0",
      "resolved": "https://registry.npmjs.org/@prisma/debug/-/debug-4.12.0.tgz",
      "integrity": "sha512-5Fx7dGVTg/QPIcRTQZyYXsW3Vb2k1nNneAcoXD02Qc6cwa809L06Y53wD5a3kM/2q/QcM7rTgv2yV/sddQk04g==",
      "dev": true,
      "dependencies": {
        "debug": "4.3.4"
      }
    },
    "node_modules/@prisma/engines": {
      "version": "4.12.0",
      "resolved": "https://registry.npmjs.org/@prisma/engines/-/engines-4.12.0.tgz",
      "integrity": "sha512-3+5x56yLpCSG/c5dpL56JmIePPHpLdlfP+c4AA51M/sW2hkgvjfiZtlz6vA3tY4n4JBYzVd+d/U/z2qgW8191g==",
      "dev": true,
      "hasInstallScript": true
    },
    "node_modules/@prisma/engines-version": {
      "version": "4.12.0-57.659ef412370fa3b41cd7bf6e94587c15582b8e56",
      "resolved": "https://registry.npmjs.org/@prisma/engines-version/-/engines-version-4.12.0-57.659ef412370fa3b41cd7bf6e94587c15582b8e56.tgz",
      "integrity": "sha512-8M/WwYf4AAMjao+7B6sBTk/j5c6x2BPJvJVL4AhAnvHvy2KdlVoYvTj/PqgPsdLq0m/41mSVAw6w0t0W2DcePA=="
    },
    "node_modules/@prisma/fetch-engine": {
      "version": "4.12.0",
      "resolved": "https://registry.npmjs.org/@prisma/fetch-engine/-/fetch-engine-4.12.0.tgz",
      "integrity": "sha512-25q05l+3eyBGd5c2JXO7I8VvCqE/zN1g6NFCsGCV2T3wLFlIQwRJPFp0oGbrz9L32sL09iH6qJURG3FpBGAE5g==",
      "dev": true,
      "dependencies": {
        "@prisma/debug": "4.12.0",
        "@prisma/get-platform": "4.12.0",
        "chalk": "4.1.2",
        "debug": "4.3.4",
        "hasha": "5.2.2",
        "node-fetch": "2.6.9"
      }
    },
    "node_modules/@prisma/get-platform": {
      "version": "4.12.0",
      "resolved": "https://registry.npmjs.org/@prisma/get-platform/-/get-platform-4.12.0.tgz",
      "integrity": "sha512-L2bXk5wGDp/yYEX8ztBd8OaKjUaR2y/c/eQ+uOq9a5L2aEw9c9hAWWfVp8oQc4ZfT4Rg2J0yB1RV2zX2/h42g==",
      "dev": true,
      "dependencies": {
        "arch": "2.2.0",
        "debug": "4.3.4"
      }
    },
    "node_modules/@tsconfig/node10": {
      "version": "1.0.11",
      "resolved": "https://registry.npmjs.org/@tsconfig/node10/-/node10-1.0.11.tgz",
      "integrity": "sha512-CWfAYbUfG11NU8pYyBv6Yg+pGms/g1fB/NTU+P6p+v9M5uBCoSmj5y0Zkceg1zXvKPv4A4LsdL8MvG5KVxV6A==",
      "dev": true
    },
    "node_modules/@tsconfig/node12": {
      "version": "1.0.11",
      "resolved": "https://registry.npmjs.org/@tsconfig/node12/-/node12-1.0.11.tgz",
      "integrity": "sha512-s+x9r31nL13y0W154HI2I/a9V5p2vN/s4K05p+ECwWqvJ+pt4DwtLw0cY06iM6t+PjIMv6fflDcHvVfe/k5gkg==",
      "dev": true
    },
    "node_modules/@tsconfig/node14": {
      "version": "1.0.3",
      "resolved": "https://registry.npmjs.org/@tsconfig/node14/-/node14-1.0.3.tgz",
      "integrity": "sha512-n2Bv6XyP8B+3c8/oI47yV1u2UjB2t2T2AigBwS5Ld/ZvA5sSy3i02Jt2hP2069sVFMciUb2hgho2v/kHk+d3w==",
      "dev": true
    },
    "node_modules/@tsconfig/node16": {
      "version": "1.0.4",
      "resolved": "https://registry.npmjs.org/@tsconfig/node16/-/node16-1.0.4.tgz",
      "integrity": "sha512-v/nUa/s+JP6ac6gPtuL3Iq5GPYs9z5fS3iXG4xG+G0je4T8c2goB3v+YfI/2i/Jp+Xjwp+T47vQxqD4vD/2w==",
      "dev": true
    },
    "node_modules/@types/bcryptjs": {
      "version": "2.4.2",
      "resolved": "https://registry.npmjs.org/@types/bcryptjs/-/bcryptjs-2.4.2.tgz",
      "integrity": "sha512-sTM2ayjAyh720a46xTMkG1Qy9L73nJ2OBlsXruyE5U2x2oP5f2v1g2xjP5oQd5Q2q3fOsohXk0X4TfDk+g/hw==",
      "dev": true
    },
    "node_modules/@types/node": {
      "version": "18.15.11",
      "resolved": "https://registry.npmjs.org/@types/node/-/node-18.15.11.tgz",
      "integrity": "sha512-E5Kof2ss0OKT39F6n9QiHuz+0pSOz9e5aCAT2Nf02BwV25hV2p26qL6ffpNeY6MPO3bQ6v/a0J2g26u22A/AAA==",
      "dev": true
    },
    "node_modules/acorn": {
      "version": "8.8.2",
      "resolved": "https://registry.npmjs.org/acorn/-/acorn-8.8.2.tgz",
      "integrity": "sha512-gYK9dK2E1qXpClw8q4xBLl3KRE/fV44dY6x5ay54oPnxAcFs4xMGuS+erEe8Lybdz9ts4Aq6Ue+0jFhscN88Tw==",
      "dev": true,
      "bin": {
        "acorn": "bin/acorn"
      },
      "engines": {
        "node": ">=0.4.0"
      }
    },
    "node_modules/acorn-walk": {
      "version": "8.2.0",
      "resolved": "https://registry.npmjs.org/acorn-walk/-/acorn-walk-8.2.0.tgz",
      "integrity": "sha512-7C9xMD6+iLmMpGo0fcbIug7KjFohwKy2TaG+wTM5z7G/QW/p/G32E/m/C32S/7S3MHYMsoNdnv+V+xmwddZMBQ==",
      "dev": true,
      "engines": {
        "node": ">=0.4.0"
      }
    },
    "node_modules/ajv": {
      "version": "8.12.0",
      "resolved": "https://registry.npmjs.org/ajv/-/ajv-8.12.0.tgz",
      "integrity": "sha512-sRu1kpcO9yLtYxTo0EFlMy1v15S3l2TBtK2x21S2vrrFGHd5iCSAvwOKV39Qp4S3IAi41g21x43sA32D+E3LAw==",
      "dependencies": {
        "fast-deep-equal": "^3.1.1",
        "json-schema-traverse": "^1.0.0",
        "require-from-string": "^2.0.2",
        "uri-js": "^4.2.2"
      },
      "funding": {
        "type": "github",
        "url": "https://github.com/sponsors/epoberezkin"
      }
    },
    "node_modules/ansi-regex": {
      "version": "5.0.1",
      "resolved": "https://registry.npmjs.org/ansi-regex/-/ansi-regex-5.0.1.tgz",
      "integrity": "sha512-quJQXlTSUGL2LH9SUXo8VwsY4soanhgo6LNSm84E1LBcE8s3O0wpdiRzyR9z/QrMvzsoDOOYZz4y57s5s3ILMA==",
      "dev": true,
      "engines": {
        "node": ">=8"
      }
    },
    "node_modules/ansi-styles": {
      "version": "4.3.0",
      "resolved": "https://registry.npmjs.org/ansi-styles/-/ansi-styles-4.3.0.tgz",
      "integrity": "sha512-zbB9rCJAT1rbjiVDb2hqKFHNYLxgtk8NURxZ3IZwD3F6NtxbXZQCnnSi1Lkx+IDohdPlFp222wVALIheZJQSEg==",
      "dev": true,
      "dependencies": {
        "color-convert": "^2.0.1"
      },
      "engines": {
        "node": ">=8"
      },
      "funding": {
        "url": "https://github.com/chalk/ansi-styles?sponsor=1"
      }
    },
    "node_modules/arch": {
      "version": "2.2.0",
      "resolved": "https://registry.npmjs.org/arch/-/arch-2.2.0.tgz",
      "integrity": "sha512-Of/kXTuHBuaJW40Y2kvwB4Os23pC/j3sgYkPu/KOiGcmDdpqf3gZbaIDaJvct34V85+Z61Lz6jM3v+6J41sflw==",
      "dev": true
    },
    "node_modules/arg": {
      "version": "4.1.3",
      "resolved": "https://registry.npmjs.org/arg/-/arg-4.1.3.tgz",
      "integrity": "sha512-5+5b3eT0B3G9s4oKflVrtM4PddZjheo9khI6cucy0T2xT0B37I7YQo9x48i+k4I+kZ+Cis2SAbD9sJwTCgoQZQ==",
      "dev": true
    },
    "node_modules/avvio": {
      "version": "8.1.0",
      "resolved": "https://registry.npmjs.org/avvio/-/avvio-8.1.0.tgz",
      "integrity": "sha512-4JkCo/DDswb32TVIjKjOQnZ0yI2/gMHSGfyT5f2rNOrYU2Xo2i/LJFJJIv7Tf3qjQ9T9R4J+2iT5oDIXpCEJew==",
      "engines": {
        "node": ">=14.19.0"
      }
    },
    "node_modules/bcryptjs": {
      "version": "2.4.3",
      "resolved": "https://registry.npmjs.org/bcryptjs/-/bcryptjs-2.4.3.tgz",
      "integrity": "sha512-V/Hy/X9Vt7p3k7Ztn3T6Gzvo97vCGOsO04v6pT2WpD9sN/i2GDsAXi5+q9hP123oBfSvJpE7Jd6Eb7qCRs02AQ=="
    },
    "node_modules/chalk": {
      "version": "4.1.2",
      "resolved": "https://registry.npmjs.org/chalk/-/chalk-4.1.2.tgz",
      "integrity": "sha512-oKnbhFyRIXpUuez8iBMmyEa4nbj4IOQyuhc/wy9kY7/WVPcwIO9VA668P8fhPQA9Q48aT0eI5QCt0Autjgh3rw==",
      "dev": true,
      "dependencies": {
        "ansi-styles": "^4.1.0",
        "supports-color": "^7.1.0"
      },
      "engines": {
        "node": ">=10"
      },
      "funding": {
        "url": "https://github.com/chalk/chalk?sponsor=1"
      }
    },
    "node_modules/cliui": {
      "version": "7.0.4",
      "resolved": "https://registry.npmjs.org/cliui/-/cliui-7.0.4.tgz",
      "integrity": "sha512-OcRE68cZas2/evDcPloP/IPeKfg7JswtmT9Y/IW/gqLA702hABr21vL3DRT3n2o+pDkYpGHK8iJ+2eT/aGCT5w==",
      "dev": true,
      "dependencies": {
        "string-width": "^4.2.0",
        "strip-ansi": "^6.0.0",
        "wrap-ansi": "^7.0.0"
      }
    },
    "node_modules/color-convert": {
      "version": "2.0.1",
      "resolved": "https://registry.npmjs.org/color-convert/-/color-convert-2.0.1.tgz",
      "integrity": "sha512-RRECP9CIalhnAC16po9Pt+awPoi+scD+cy4sEpvr45FDBdxgD4IeBITdC8SWbRgKYSHF8aiUeFryImdbAJEpgQ==",
      "dev": true,
      "dependencies": {
        "color-name": "~1.1.4"
      },
      "engines": {
        "node": ">=7.0.0"
      }
    },
    "node_modules/color-name": {
      "version": "1.1.4",
      "resolved": "https://registry.npmjs.org/color-name/-/color-name-1.1.4.tgz",
      "integrity": "sha512-dOy+3AuW3a2wNbYHIuMZpTcgjGuLU/uBL/ubcZF9OXbDo8ff4O8yVp5Bf0efS8uEoYo5q4Fx7dY9OgQGXgAsQA==",
      "dev": true
    },
    "node_modules/create-require": {
      "version": "1.1.1",
      "resolved": "https://registry.npmjs.org/create-require/-/create-require-1.1.1.tgz",
      "integrity": "sha512-dcKFX3jn0MpIaXjisoRvexIJVEKzaq7z2rxf+539+sYbe1aRRCr+300GGcr33m/Qc35AZzOKs4fEv9Fj4o2ljg==",
      "dev": true
    },
    "node_modules/debug": {
      "version": "4.3.4",
      "resolved": "https://registry.npmjs.org/debug/-/debug-4.3.4.tgz",
      "integrity": "sha512-PR1J4KapiGJvGu3GHyNB1VweppaMXVyuvUtyeKAv1Wc Cevk7iV2SdAFllJSkJPDFOKa2EO4TLgGIdvhsHiWrA==",
      "dependencies": {
        "ms": "2.1.2"
      },
      "engines": {
        "node": ">=6.0"
      },
      "peerDependenciesMeta": {
        "supports-color": {
          "optional": true
        }
      }
    },
    "node_modules/debug/node_modules/ms": {
      "version": "2.1.2",
      "resolved": "https://registry.npmjs.org/ms/-/ms-2.1.2.tgz",
      "integrity": "sha512-sGkPx+VjMtmA6MX27oA4FBFELFCZZ4S4XqeGOXCv68tT+An8d84DRhtDWaxREGF3veSgm+RtmC2A9xbALIkxhw=="
    },
    "node_modules/depd": {
      "version": "2.0.0",
      "resolved": "https://registry.npmjs.org/depd/-/depd-2.0.0.tgz",
      "integrity": "sha512-g7nH6P6dyDioJogAAGprGpCtVImJhpPk/ycA7g8CRloAAPgtQKDDBCd19whLmcXpbFxdtZc9xx17j0KR4WACjQ==",
      "engines": {
        "node": ">= 0.8"
      }
    },
    "node_modules/destroy": {
      "version": "1.2.0",
      "resolved": "https://registry.npmjs.org/destroy/-/destroy-1.2.0.tgz",
      "integrity": "sha512-2sJGJdCFyKj9Q33w7CEw3V3iDsw/vImvRunXpLaj3GkEhhaU3KpvH2TArcfxCWRyH0VLOAJZTL+LwK4loKBMlg==",
      "engines": {
        "node": ">= 0.8"
      }
    },
    "node_modules/diff": {
      "version": "4.0.2",
      "resolved": "https://registry.npmjs.org/diff/-/diff-4.0.2.tgz",
      "integrity": "sha512-58T1+Q461i80xpAqR/e2p740g0jYET0jD0CdoXYBGCJG/y40+l1t/d4+E2jOTYPCwL7v35zFM4s2goSPePykhg==",
      "dev": true,
      "engines": {
        "node": ">=0.3.1"
      }
    },
    "node_modules/ee-first": {
      "version": "1.1.1",
      "resolved": "https://registry.npmjs.org/ee-first/-/ee-first-1.1.1.tgz",
      "integrity": "sha512-WMwm9LhRUo+WUaRN+vRuETqG89IGZphPQcvBpsoF2Wd+v/uKrsFQ+sOp99tCGyTIpFh0sFi7CV6apxrCQvykasA=="
    },
    "node_modules/emoji-regex": {
      "version": "8.0.0",
      "resolved": "https://registry.npmjs.org/emoji-regex/-/emoji-regex-8.0.0.tgz",
      "integrity": "sha512-MSjYzcWNOA0ewAHuzsIkvYviiq57dB1bE0hXo0BPohgFgoJzqyD+KMFHUah2h8rEmy7so0EZNyi5CffHjPA3MQ==",
      "dev": true
    },
    "node_modules/encodeurl": {
      "version": "1.0.2",
      "resolved": "https://registry.npmjs.org/encodeurl/-/encodeurl-1.0.2.tgz",
      "integrity": "sha512-TPnq/1F/OOKIsfGe7BUtdsPh79eQu7NU5sM2+4wP1wrK+YBD6ckS92yONRhlm/q2S3fyH2UPtoi1yHdsrCeeMA==",
      "engines": {
        "node": ">= 0.8"
      }
    },
    "node_modules/escape-html": {
      "version": "1.0.3",
      "resolved": "https://registry.npmjs.org/escape-html/-/escape-html-1.0.3.tgz",
      "integrity": "sha512-NiSupZ4OeuGwr68lGIeym/ksIZMJodUGOSCZ/FSnTxcreOqaBnrCad2d4Wn/6F+ClLIjIZeIciLpi7KOJ5eOBg=="
    },
    "node_modules/etag": {
      "version": "1.8.1",
      "resolved": "https://registry.npmjs.org/etag/-/etag-1.8.1.tgz",
      "integrity": "sha512-aIL5Fx7mawVa300al2fsDb/S2UvjKXsDnqVgdJHhmn1wFW1Tcour/A9iSm9NppFrbEur/nTO+szrAMJloMn0fA==",
      "engines": {
        "node": ">= 0.6"
      }
    },
    "node_modules/fast-decode-uri-component": {
      "version": "1.0.1",
      "resolved": "https://registry.npmjs.org/fast-decode-uri-component/-/fast-decode-uri-component-1.0.1.tgz",
      "integrity": "sha512-UnTqZJg3jajg8fs/3VP3I2vG27A/rL/AU0c3DiR21v/T/d4I/7F/4x0jCx2A0E3b9e43sH22bAb6v3fL7vTCw=="
    },
    "node_modules/fast-deep-equal": {
      "version": "3.1.3",
      "resolved": "https://registry.npmjs.org/fast-deep-equal/-/fast-deep-equal-3.1.3.tgz",
      "integrity": "sha512-f3qQ9oQy9j2AhBe/H93/I+cE+NTq0Bp++CiG7M/GV3Psr9N05pk2CI4hD/gn5z2pu6K4sDCRHz6aflVklJceiw=="
    },
    "node_modules/fast-json-stringify": {
      "version": "4.2.1",
      "resolved": "https://registry.npmjs.org/fast-json-stringify/-/fast-json-stringify-4.2.1.tgz",
      "integrity": "sha512-oOsq+b/Hf315MDzIYhaOBgMuIRLMA31gJPUjeU1D1D8P5gWFMz2zIjcN1W52SgPX4bL5n2KjxJc72Y+iZzV0HQ==",
      "dependencies": {
        "ajv": "^8.12.0"
      },
      "requiresBuild": true
    },
    "node_modules/fast-querystring": {
      "version": "1.1.2",
      "resolved": "https://registry.npmjs.org/fast-querystring/-/fast-querystring-1.1.2.tgz",
      "integrity": "sha512-wW/syo2K379361aI6bJEpQfWv06F5uSjlcfL2VbVv0hAEhVWs4Yd7t2XQvX3G3L2qzCj8DabFjYkR7U8XMqWyQ=="
    },
    "node_modules/fastify": {
      "version": "4.15.0",
      "resolved": "https://registry.npmjs.org/fastify/-/fastify-4.15.0.tgz",
      "integrity": "sha512-NgnwdpALrGgJcbBf3uRLI0pTfe4PwvS8Fq2PZrY8x/zN5JgWnCnk+rL5oYnL2wyDgo2K55sY8K4g2vW9wM90uQ==",
      "dependencies": {
        "@fastify/error": "^3.2.0",
        "avvio": "^8.0.0",
        "fast-decode-uri-component": "^1.0.1",
        "fast-json-stringify": "^4.0.0",
        "find-my-way": "^7.5.0",
        "light-my-request": "^5.2.0",
        "pino": "^8.11.0",
        "proxy-addr": "^2.0.7",
        "rfdc": "^1.3.0",
        "semver": "^7.3.8"
      },
      "bin": {
        "fastify": "fastify.js"
      },
      "engines": {
        "node": ">=14.19.0"
      }
    },
    "node_modules/fastify/node_modules/fast-json-stringify": {
      "version": "4.2.1",
      "resolved": "https://registry.npmjs.org/fast-json-stringify/-/fast-json-stringify-4.2.1.tgz",
      "integrity": "sha512-oOsq+b/Hf315MDzIYhaOBgMuIRLMA31gJPUjeU1D1D8P5gWFMz2zIjcN1W52SgPX4bL5n2KjxJc72Y+iZzV0HQ==",
      "dependencies": {
        "ajv": "^8.12.0"
      },
      "requiresBuild": true
    },
    "node_modules/fastify-plugin": {
      "version": "4.5.0",
      "resolved": "https://registry.npmjs.org/fastify-plugin/-/fastify-plugin-4.5.0.tgz",
      "integrity": "sha512-pDh5B8KUbaol2KGWb+/oTR9KnFbab7OY+dC6t2u527PAj5USsflG4+Yl22BOUhxnTMgBRG2WVtQd+tN7EaabTQ==",
      "engines": {
        "node": ">=14.19.0"
      }
    },
    "node_modules/find-my-way": {
      "version": "7.5.1",
      "resolved": "https://registry.npmjs.org/find-my-way/-/find-my-way-7.5.1.tgz",
      "integrity": "sha512-Rk81kPx/21P8e1i82Fyb+wXzRTOdD/+r35gN6SNAo23Yc7+WnNPQYRIvK1d0wB+KsqrK72hEOu+3j3aI+QY5yw==",
      "dependencies": {
        "fast-decode-uri-component": "^1.0.1",
        "rfdc": "^1.3.0",
        "safe-regex2": "^1.0.0"
      },
      "engines": {
        "node": ">=14.19.0"
      }
    },
    "node_modules/forwarded": {
      "version": "0.2.0",
      "resolved": "https://registry.npmjs.org/forwarded/-/forwarded-0.2.0.tgz",
      "integrity": "sha512-buRG0fpk3ZvVCTrCFiosyIpCsyPAmaE1V2gHI7NGRwpUcl0ehYmC2jXfa/3cMa9G3wNBevV0WdsQF/1H3Yj3sA==",
      "engines": {
        "node": ">= 0.6"
      }
    },
    "node_modules/fresh": {
      "version": "0.5.2",
      "resolved": "https://registry.npmjs.org/fresh/-/fresh-0.5.2.tgz",
      "integrity": "sha512-zJ2mQYM18rEFOcSW4JTn4z2agp7IUKPjGwvFEtR7D1K2BN5wOU7CHOkQk3I4EoHu97xVaudr+Q06pBBe6sK2sQ==",
      "engines": {
        "node": ">= 0.6"
      }
    },
    "node_modules/get-caller-file": {
      "version": "2.0.5",
      "resolved": "https://registry.npmjs.org/get-caller-file/-/get-caller-file-2.0.5.tgz",
      "integrity": "sha512-DyFP3BM/3YsnvnsutynVLEsDXDhmE4AxzkUr2HRDLV9wEtdTRbBtLEDbGEzBC/dGOnOdM9S9itIihAbpvLwQJQ==",
      "dev": true,
      "engines": {
        "node": "6.* || 8.* || >= 10.*"
      }
    },
    "node_modules/has-flag": {
      "version": "4.0.0",
      "resolved": "https://registry.npmjs.org/has-flag/-/has-flag-4.0.0.tgz",
      "integrity": "sha512-EykJT/Q1KjTW5+PEKuSO0tHod4ns9x/vC9pb5rGpeDNdsHk/AusvsIBCJUYyq17cDevgOvr5Ue9bgmG/ySUiXw==",
      "dev": true,
      "engines": {
        "node": ">=8"
      }
    },
    "node_modules/hasha": {
      "version": "5.2.2",
      "resolved": "https://registry.npmjs.org/hasha/-/hasha-5.2.2.tgz",
      "integrity": "sha512-IqG2w2s5se+dM6TAdmT943zI324c4nPljHiha2frxY2hXJcI2hIu700I/5U2e9LzLg5a7y7VEMb1g9q2i4i1g==",
      "dev": true,
      "dependencies": {
        "is-stream": "^2.0.0",
        "type-fest": "^0.13.1"
      },
      "engines": {
        "node": ">=8"
      }
    },
    "node_modules/hasha/node_modules/type-fest": {
      "version": "0.13.1",
      "resolved": "https://registry.npmjs.org/type-fest/-/type-fest-0.13.1.tgz",
      "integrity": "sha512-I4kyFcZ12642/4kAkG3A9AZ6P/Lw0yKzY1c4o8tcejcN/1WbT8kM4G5FXA13S24pxsx1W8d2n+JS0hGKGfL62A==",
      "dev": true,
      "engines": {
        "node": ">=8"
      }
    },
    "node_modules/http-errors": {
      "version": "2.0.0",
      "resolved": "https://registry.npmjs.org/http-errors/-/http-errors-2.0.0.tgz",
      "integrity": "sha512-FtwrG/euBzaEjYe5ZTLnaU5unpt1OzaEAgoiOfnO3Z7k2vsSc0BCGsb2Y/pCB/95aA5mCF3ClfYjWMyPotGf8w==",
      "dependencies": {
        "depd": "2.0.0",
        "inherits": "2.0.4",
        "setprototypeof": "1.2.0",
        "statuses": "2.0.1",
        "toidentifier": "1.0.1"
      },
      "engines": {
        "node": ">= 0.8"
      }
    },
    "node_modules/inherits": {
      "version": "2.0.4",
      "resolved": "https://registry.npmjs.org/inherits/-/inherits-2.0.4.tgz",
      "integrity": "sha512-k/vGaX4/Yla3WzyMCvTQOaNz+mWHkeEATEirGaA RdZmzAoZbzmmWeeoFIIPDUb3XP7JUyo1NXYYBrAX2g9gyQ=="
    },
    "node_modules/ipaddr.js": {
      "version": "1.9.1",
      "resolved": "https://registry.npmjs.org/ipaddr.js/-/ipaddr.js-1.9.1.tgz",
      "integrity": "sha512-0KI/607xoxSToH7GjN1FfSbLoU0+btTicjsQSWQveFcaIcrwiP2n872i7SJe1cvxYG8ifdpDTRUu3eqxCG4wYQ==",
      "engines": {
        "node": ">= 0.10"
      }
    },
    "node_modules/is-fullwidth-code-point": {
      "version": "3.0.0",
      "resolved": "https://registry.npmjs.org/is-fullwidth-code-point/-/is-fullwidth-code-point-3.0.0.tgz",
      "integrity": "sha512-zymm5+u+sCFyVZUn+AwylWpR83nEN2wKOJBe6kOa9t/k092W0anBogTWlAAb+eAieK08F6tvMW6Y8CI3Ui4kag==",
      "dev": true,
      "engines": {
        "node": ">=8"
      }
    },
    "node_modules/is-stream": {
      "version": "2.0.1",
      "resolved": "https://registry.npmjs.org/is-stream/-/is-stream-2.0.1.tgz",
      "integrity": "sha512-h3FDUi8C/s4hCq/9gj+a2jD/vWcO64E1ZAM2dPYKAhUfM0r59cyA2pAU64e8bPu+t5a2rX9loMZNq50/rXh4g==",
      "dev": true,
      "engines": {
        "node": ">=8"
      },
      "funding": {
        "url": "https://github.com/sponsors/sindresorhus"
      }
    },
    "node_modules/jackspeak": {
      "version": "2.2.0",
      "resolved": "https://registry.npmjs.org/jackspeak/-/jackspeak-2.2.0.tgz",
      "integrity": "sha512-3g35Cc5Vj2lW2cwsYd47asfyCUS8f0n//9Yc+C5Wz5y/+aD3OM2bYfLpAt4fBqgE4F/dveD3/rD2Y0AItVnBjw==",
      "dev": true,
      "dependencies": {
        "cliui": "^7.0.4"
      }
    },
    "node_modules/json-schema-traverse": {
      "version": "1.0.0",
      "resolved": "https://registry.npmjs.org/json-schema-traverse/-/json-schema-traverse-1.0.0.tgz",
      "integrity": "sha512-NM8/P9n3XjXhIZn1lL5B4voImP6T8vd4evAIEPll4k+v2nVjwVlvpZLAI6wuRqdFa4+9CrvYoA/4brhFn1T6Tw=="
    },
    "node_modules/jsonwebtoken": {
      "version": "9.0.0",
      "resolved": "https://registry.npmjs.org/jsonwebtoken/-/jsonwebtoken-9.0.0.tgz",
      "integrity": "sha512-9LURdobn7V5I57uXAnzhg2g0G1OlbU8Mu1vo7/0+3h2w2Ff22HGa0sM+C+n52rtZ5ze30Y8hOeVjIeYJdYQzTA==",
      "dependencies": {
        "jws": "^4.0.0",
        "lodash.includes": "^4.3.0",
        "lodash.isboolean": "^3.0.3",
        "lodash.isinteger": "^4.0.4",
        "lodash.isnumber": "^3.0.3",
        "lodash.isplainobject": "^4.0.6",
        "lodash.isstring": "^4.0.1",
        "lodash.once": "^4.1.1",
        "semver": "^7.3.8"
      },
      "engines": {
        "node": ">=12"
      }
    },
    "node_modules/jws": {
      "version": "4.0.0",
      "resolved": "https://registry.npmjs.org/jws/-/jws-4.0.0.tgz",
      "integrity": "sha512-I6Ab269Q1W43s7zH2YVn+9nxe2/1Kdt/2dtHgtpGQQ+4Pu8M+230p8v18833+1bK0y5z6pM2nE02a35nZ22x6A==",
      "dependencies": {
        "jwa": "^2.0.0",
        "safe-buffer": "^5.2.1"
      }
    },
    "node_modules/jwa": {
      "version": "2.0.0",
      "resolved": "https://registry.npmjs.org/jwa/-/jwa-2.0.0.tgz",
      "integrity": "sha512-2BAvTS2kC65guu76L30b2e+2dweqg4Ezo5929e4dSO2dMMPo8v/f5/p642I4I14i59v4/oCRy5l5hHk6Ea4+Q==",
      "dependencies": {
        "safe-buffer": "^5.2.1"
      }
    },
    "node_modules/light-my-request": {
      "version": "5.7.0",
      "resolved": "https://registry.npmjs.org/light-my-request/-/light-my-request-5.7.0.tgz",
      "integrity": "sha512-7AQCbKj4Tw9M4j/L2qQeS2FhJ5hM3m/r10CqzQ0tMewq9Qd3u8h1HJPp2t+yDGq1jI2ujg5eQyGjWnUqgYJAg==",
      "dependencies": {
        "@fastify/error": "^3.0.0",
        "fast-querystring": "^1.1.0",
        "tiny-lru": "^9.0.3"
      },
      "engines": {
        "node": ">=14.19.0"
      }
    },
    "node_modules/lodash.includes": {
      "version": "4.3.0",
      "resolved": "https://registry.npmjs.org/lodash.includes/-/lodash.includes-4.3.0.tgz",
      "integrity": "sha512-09olbtz5Vj6mU2WVIyYe91x5IutyzZTQitzaeMs255i6v2pAYO0V5bYvFxfk2D4g3Yj7I20weoDhb92TAb1fQw=="
    },
    "node_modules/lodash.isboolean": {
      "version": "3.0.3",
      "resolved": "https://registry.npmjs.org/lodash.isboolean/-/lodash.isboolean-3.0.3.tgz",
      "integrity": "sha512-bNh2tBv8p/cde1yND1sB/3W4T2uVpEDNSy3iuXUjAY6leI/Qodg8wLgVA9lP/FmIeU80X8b1UE8M2/pM6Q9C5Q=="
    },
    "node_modules/lodash.isinteger": {
      "version": "4.0.4",
      "resolved": "https://registry.npmjs.org/lodash.isinteger/-/lodash.isinteger-4.0.4.tgz",
      "integrity": "sha512-Oa6zSOtI0/2G0eE5GjA052Q5D2lK2jKnndr2GqR/D6cjpF+D+9nOvy/6wz22TzCfltQk2H0v1u0iB6r7s/QFQ=="
    },
    "node_modules/lodash.isnumber": {
      "version": "3.0.3",
      "resolved": "https://registry.npmjs.org/lodash.isnumber/-/lodash.isnumber-3.0.3.tgz",
      "integrity": "sha512-Q/tOdLpsIm32e3hRzP1tH+dYg3sUGc53t5CBKzL5h2dPKczG3uPP5Nl5A/kUuZT/yLKY4a+WwJp132wye150Pg=="
    },
    "node_modules/lodash.isplainobject": {
      "version": "4.0.6",
      "resolved": "https://registry.npmjs.org/lodash.isplainobject/-/lodash.isplainobject-4.0.6.tgz",
      "integrity": "sha512-SqXOdssOnaoO490F3Dk8B5/b2dPEw8n2aL0sge2v/dGgA0Vgy9Jz84mqIQE5vA9rmXp92yIeH9Qc3/JzC9u6wQ=="
    },
    "node_modules/lodash.isstring": {
      "version": "4.0.1",
      "resolved": "https://registry.npmjs.org/lodash.isstring/-/lodash.isstring-4.0.1.tgz",
      "integrity": "sha512-0C2C353sZ21/1h4YhK/4WCM+fF3vNT0lS/vEnyTi6yTfP2k+6Nt0Yj1yGfBI/w9R/4L/x7h/QYkCNk5O1eZ2Q=="
    },
    "node_modules/lodash.once": {
      "version": "4.1.1",
      "resolved": "https://registry.npmjs.org/lodash.once/-/lodash.once-4.1.1.tgz",
      "integrity": "sha512-QBno8oB2E84dFsV5+s+jDNJqM0CYHnI/fOgT9q2O/2AOMiEesv3+Xh610n5b2YPRwE4YQz2/vIeP5S1AWsW6Q=="
    },
    "node_modules/lru-cache": {
      "version": "6.0.0",
      "resolved": "https://registry.npmjs.org/lru-cache/-/lru-cache-6.0.0.tgz",
      "integrity": "sha512-Jo6dJ04/27BnobTwkheDbXUPPiwW4ecehGbU6aUTeIokOkY9AAifUe4ws7KQfv5sLMVHz7nGy2xAe6ADFU2iDA==",
      "dependencies": {
        "yallist": "^4.0.0"
      },
      "engines": {
        "node": ">=10"
      }
    },
    "node_modules/make-error": {
      "version": "1.3.6",
      "resolved": "https://registry.npmjs.org/make-error/-/make-error-1.3.6.tgz",
      "integrity": "sha512-s8UhlNe7vpkqTsJSACfnlPC21wAETrr3BSSkGvA+VzixgZcHPNjQGFSPNilf/y4c5Hdc7UeIjnYoIsA9qXJOAw==",
      "dev": true
    },
    "node_modules/mime": {
      "version": "1.6.0",
      "resolved": "https://registry.npmjs.org/mime/-/mime-1.6.0.tgz",
      "integrity": "sha512-x0Vn8spI+wuJ1O6S7gnbaQg8Pxh4NNHb7MoxvilusQAD+Or2OFw4fIIBli7ZWB/cHkFDbIMK236ksb8ll4ceTQ==",
      "bin": {
        "mime": "cli.js"
      },
      "engines": {
        "node": ">=4"
      }
    },
    "node_modules/ms": {
      "version": "2.1.3",
      "resolved": "https://registry.npmjs.org/ms/-/ms-2.1.3.tgz",
      "integrity": "sha512-6FlzubTLZG3J2a/NVCAleMkC4tzqQd+5zbEubJTL/XCPimKP4fZ7c2KHMnaFjHK4sD6guwcEegvCATmSUESdFg=="
    },
    "node_modules/node-fetch": {
      "version": "2.6.9",
      "resolved": "https://registry.npmjs.org/node-fetch/-/node-fetch-2.6.9.tgz",
      "integrity": "sha512-DJMWkfZw4+VAwCr2zYyK4eobMFTfIJMWPStn4Seye32xSO1g5lQjwV36l999N+H+Gf9XzKzTzvwlYih2OK25pg==",
      "dev": true,
      "dependencies": {
        "whatwg-url": "^5.0.0"
      },
      "engines": {
        "node": "4.x || >=6.0.0"
      },
      "peerDependencies": {
        "encoding": "^0.1.0"
      },
      "peerDependenciesMeta": {
        "encoding": {
          "optional": true
        }
      }
    },
    "node_modules/node-fetch/node_modules/whatwg-url": {
      "version": "5.0.0",
      "resolved": "https://registry.npmjs.org/whatwg-url/-/whatwg-url-5.0.0.tgz",
      "integrity": "sha512-saE572f6nssNw5y63E02d5IKB6Ode/8M1EVdE6uVpFBIwzgt1PnBsJ2h6DFYS2WrSOx2PEi3GssU2S2EZr6H+g==",
      "dev": true,
      "dependencies": {
        "tr46": "~0.0.3",
        "webidl-conversions": "^3.0.1"
      },
      "engines": {
        "node": ">=6.0.0"
      }
    },
    "node_modules/node-fetch/node_modules/whatwg-url/node_modules/tr46": {
      "version": "0.0.3",
      "resolved": "https://registry.npmjs.org/tr46/-/tr46-0.0.3.tgz",
      "integrity": "sha512-N3WMptNSc/AiVytneUo5MYAlrAJaXGk6f5u+SHfG29Mtdq5fcFwvJzX+w3+zudwLVISob7qC39NNd67b3p5yWg==",
      "dev": true
    },
    "node_modules/node-fetch/node_modules/whatwg-url/node_modules/webidl-conversions": {
      "version": "3.0.1",
      "resolved": "https://registry.npmjs.org/webidl-conversions/-/webidl-conversions-3.0.1.tgz",
      "integrity": "sha512-2JAn3z8AR6rjK8UaCvNs2TJJw6Auv0I6koP3I2gOswL3aT7T79s6S4vvl7T5LOH9v/g2caLgNGQxodP+tIJysg==",
      "dev": true
    },
    "node_modules/on-finished": {
      "version": "2.4.1",
      "resolved": "https://registry.npmjs.org/on-finished/-/on-finished-2.4.1.tgz",
      "integrity": "sha512-oVvzfmepiLpbrTAZcXDFqCaxLpAFm3wAL3uRa/BtmocVMDXo7Ps3l7/0oRLch53s4bC P00a0nTLXagFEXHEnQ==",
      "dependencies": {
        "ee-first": "1.1.1"
      },
      "engines": {
        "node": ">= 0.8"
      }
    },
    "node_modules/pino": {
      "version": "8.11.0",
      "resolved": "https://registry.npmjs.org/pino/-/pino-8.11.0.tgz",
      "integrity": "sha512-yHGkLfT2YSlh2d3iQG20a/k5wN2LpLHYgL/2iXq4q/24jHjGaoAonA95xL+g5tqfLdGgLpOmMLuEY9XyBGfHw==",
      "dependencies": {
        "pino-std-serializers": "^6.2.0",
        "sonic-boom": "^3.2.0"
      },
      "engines": {
        "node": "^14.17.0 || ^16.10.0 || >=18.0.0"
      },
      "funding": {
        "type": "individual",
        "url": "https://www.buymeacoffee.com/mcollina"
      }
    },
    "node_modules/pino-std-serializers": {
      "version": "6.2.2",
      "resolved": "https://registry.npmjs.org/pino-std-serializers/-/pino-std-serializers-6.2.2.tgz",
      "integrity": "sha512-Y1A/231z2p9wlp1ostn8iFw96n4x6k/PDhT/dK4cah0MwqmMRZQ3Y84aKzJOkjo9gQhGq5tAs5QEiW7s5x9yIA==",
      "engines": {
        "node": ">=10"
      }
    },
    "node_modules/prisma": {
      "version": "4.12.0",
      "resolved": "https://registry.npmjs.org/prisma/-/prisma-4.12.0.tgz",
      "integrity": "sha512-t0JcR/d02gA/h0T2HzfLvu3Q03pA2eA9iWUNbZV/wIu2uNA0754iCimuozLp7jE5Tf3u4L8IIM+k30K5+s4Okw==",
      "dev": true,
      "hasInstallScript": true,
      "dependencies": {
        "@prisma/engines": "4.12.0"
      },
      "bin": {
        "prisma": "build/index.js",
        "prisma2": "build/index.js"
      },
      "engines": {
        "node": ">=14.17"
      }
    },
    "node_modules/proxy-addr": {
      "version": "2.0.7",
      "resolved": "https://registry.npmjs.org/proxy-addr/-/proxy-addr-2.0.7.tgz",
      "integrity": "sha512-llQsMLS2aft3pgo+sSac0WliLNHfiI4GnbQn21c4Ied13k/g/IkykYo01y8udO2p1T3v18Cv/yQad0vO3wwwLg==",
      "dependencies": {
        "forwarded": "0.2.0",
        "ipaddr.js": "1.9.1"
      },
      "engines": {
        "node": ">= 0.10"
      }
    },
    "node_modules/punycode": {
      "version": "2.3.0",
      "resolved": "https://registry.npmjs.org/punycode/-/punycode-2.3.0.tgz",
      "integrity": "sha512-rZg6eXvsVMPM+h0pcO+CXQdE2xtssfnER00qkqk3RNf3dSM8i/SEofBi+205f3IomssLh3H941KOecb1bg0ZGQ==",
      "engines": {
        "node": ">=6"
      }
    },
    "node_modules/queue-microtask": {
      "version": "1.2.3",
      "resolved": "https://registry.npmjs.org/queue-microtask/-/queue-microtask-1.2.3.tgz",
      "integrity": "sha512-NopEde6hCeei2n2w+v4s1sK2b/Hl0HnL0s3eP8iK1OaT5aT01gjOf/cZcbvVnBw3+Xg/53Dq1xG2E5A==",
      "dev": true,
      "funding": [
        {
          "type": "github",
          "url": "https://github.com/sponsors/feross"
        },
        {
          "type": "patreon",
          "url": "https://www.patreon.com/feross"
        },
        {
          "type": "consulting",
          "url": "https://feross.org/support"
        }
      ]
    },
    "node_modules/range-parser": {
      "version": "1.2.1",
      "resolved": "https://registry.npmjs.org/range-parser/-/range-parser-1.2.1.tgz",
      "integrity": "sha512-Hrgsx+orqoygn9bCDiB3YByzNQ3veupsiMAcDDg2iP8eGon8sP93i+o3GzT5i7h5dGcXdwi3EY1KGC1IFg9bNg==",
      "engines": {
        "node": ">= 0.6"
      }
    },
    "node_modules/require-from-string": {
      "version": "2.0.2",
      "resolved": "https://registry.npmjs.org/require-from-string/-/require-from-string-2.0.2.tgz",
      "integrity": "sha512-Xf0nWe6RseWB9Afd4Y2ZEXFGDFpDLtmsoO3FYK64uuqE9b1wSPGaSpj3sE70HjWwv76U3nGv5g/GWiA8otUeZw==",
      "engines": {
        "node": ">=0.10"
      }
    },
    "node_modules/rfdc": {
      "version": "1.3.0",
      "resolved": "https://registry.npmjs.org/rfdc/-/rfdc-1.3.0.tgz",
      "integrity": "sha512-V2S27keci6REMEt3oR2G27iYm20v55/g2C4zmMjT/+7R8C/anxNaTRiJvP10q6Rg6Yc3v9kC+9Kk4Yjy79r/g=="
    },
    "node_modules/run-parallel": {
      "version": "1.2.0",
      "resolved": "https://registry.npmjs.org/run-parallel/-/run-parallel-1.2.0.tgz",
      "integrity": "sha512-5l42uK8Bov2r2wi7T1FStB2n4T8M9eZ43eYwD/inSj9+UNq9uK0SgO/bED6t2yD42YI88e3Q1ENm3vMeiVIg==",
      "dev": true,
      "funding": [
        {
          "type": "github",
          "url": "https://github.com/sponsors/feross"
        },
        {
          "type": "patreon",
          "url": "https://www.patreon.com/feross"
        },
        {
          "type": "consulting",
          "url": "https://feross.org/support"
        }
      ],
      "dependencies": {
        "queue-microtask": "^1.2.2"
      }
    },
    "node_modules/safe-buffer": {
      "version": "5.2.1",
      "resolved": "https://registry.npmjs.org/safe-buffer/-/safe-buffer-5.2.1.tgz",
      "integrity": "sha512-rp3So07KcdmmKbGvgaNxQSJr7bGVSVk5S9Eq1F+ppbRo70+YeaDxkw5Dd8NPNEc2/q4wZmS4ORdx+QD+A71MAg==",
      "funding": [
        {
          "type": "github",
          "url": "https://github.com/sponsors/feross"
        },
        {
          "type": "patreon",
          "url": "https://www.patreon.com/feross"
        },
        {
          "type": "consulting",
          "url": "https://feross.org/support"
        }
      ]
    },
    "node_modules/safe-regex2": {
      "version": "1.0.0",
      "resolved": "https://registry.npmjs.org/safe-regex2/-/safe-regex2-1.0.0.tgz",
      "integrity": "sha512-k/fKztdp9cDx7sA2y0Z5G1ffWRQp1sQ2Q10kC3d/1bEPa3k3vBSLpACKg3aTfJxo7I3bJ5y53i3w21KjA1uPgA=="
    },
    "node_modules/semver": {
      "version": "7.5.0",
      "resolved": "https://registry.npmjs.org/semver/-/semver-7.5.0.tgz",
      "integrity": "sha512-42QD3LviCc5QvSm9Lz3SSbM9c3i4Y1q98E3S/q8LSU/9iNbJbx/s34C2Cduc2iEq3Y10oVmzT409QxGNSw1p3A==",
      "dependencies": {
        "lru-cache": "^6.0.0"
      },
      "bin": {
        "semver": "bin/semver.js"
      },
      "engines": {
        "node": ">=10"
      }
    },
    "node_modules/send": {
      "version": "0.18.0",
      "resolved": "https://registry.npmjs.org/send/-/send-0.18.0.tgz",
      "integrity": "sha512-92gG2hf3L7p3SjEVd8n2XpPlcbw8t3T5wBC0dffsI2pQv94UjCl3TqRTOMpUjS3hV2R/xP+cNZp2i9i1/InbGA==",
      "dependencies": {
        "debug": "2.6.9",
        "depd": "2.0.0",
        "destroy": "1.2.0",
        "encodeurl": "~1.0.2",
        "escape-html": "~1.0.3",
        "etag": "~1.8.1",
        "fresh": "0.5.2",
        "http-errors": "2.0.0",
        "mime": "1.6.0",
        "ms": "2.1.3",
        "on-finished": "2.4.1",
        "range-parser": "~1.2.1",
        "statuses": "2.0.1"
      },
      "engines": {
        "node": ">= 0.8.0"
      }
    },
    "node_modules/send/node_modules/debug": {
      "version": "2.6.9",
      "resolved": "https://registry.npmjs.org/debug/-/debug-2.6.9.tgz",
      "integrity": "sha512-bC7ElrdJaJnPbAP+1EotYvqZsb3ecl5wi6Bfi6BJTAn4Y1V_lLETKki/zM/nGG/pL9NBMLub8RivBApwcDEMOA==",
      "dependencies": {
        "ms": "2.0.0"
      }
    },
    "node_modules/send/node_modules/debug/node_modules/ms": {
      "version": "2.0.0",
      "resolved": "https://registry.npmjs.org/ms/-/ms-2.0.0.tgz",
      "integrity": "sha512-Tpp60P6IUJDTuOq/5Z8cdskzJdnhlTk/zTCeNaDEKIpMMYad7SkwBFpdAZYIyhd20DrwDFQRII/IPqsCtxMVyw=="
    },
    "node_modules/setprototypeof": {
      "version": "1.2.0",
      "resolved": "https://registry.npmjs.org/setprototypeof/-/setprototypeof-1.2.0.tgz",
      "integrity": "sha512-vEswZ7OLeQhhIzlgIBlKX5InJv3w2iUTqLnbnBPSV8MAoAEr43g31gPGfNjdHx32eO2nseeY6cBAZEddwA9fsw=="
    },
    "node_modules/sonic-boom": {
      "version": "3.2.0",
      "resolved": "https://registry.npmjs.org/sonic-boom/-/sonic-boom-3.2.0.tgz",
      "integrity": "sha512-YcR214z5RgETs9BfZ02cW54zftxP+g61g/f/VfHwmuQv4t3RzW2N1Wp8gHjGgq7/T21BvT5N3eY/1N5uY1y8w==",
      "engines": {
        "node": ">=14.17.0"
      }
    },
    "node_modules/statuses": {
      "version": "2.0.1",
      "resolved": "https://registry.npmjs.org/statuses/-/statuses-2.0.1.tgz",
      "integrity": "sha512-RwNA9Z/7PrKCR2i5zeAH9d72gJS0vB8LutG+VMs5OK4N6flJQXpyDEnmcgy8DRGmlBJoGvBAb8dTEpb2oTmA5A==",
      "engines": {
        "node": ">= 0.8"
      }
    },
    "node_modules/string-width": {
      "version": "4.2.3",
      "resolved": "https://registry.npmjs.org/string-width/-/string-width-4.2.3.tgz",
      "integrity": "sha512-wKyQRQpjJ0sIp62ErSZdGsjMJWb+s/wDoGv1ubYkLP1L0kZofkZ0cuhReSbpSobEspDUiwcmlxuzHqoo3alZlg==",
      "dev": true,
      "dependencies": {
        "emoji-regex": "^8.0.0",
        "is-fullwidth-code-point": "^3.0.0",
        "strip-ansi": "^6.0.1"
      },
      "engines": {
        "node": ">=8"
      }
    },
    "node_modules/strip-ansi": {
      "version": "6.0.1",
      "resolved": "https://registry.npmjs.org/strip-ansi/-/strip-ansi-6.0.1.tgz",
      "integrity": "sha512-Y38VPSHcqkFrCpFnQ9vuBAupssiVlGAG5ZoxZQ_cpTTGS5oo+o3oY2V57UDrAnEbnaxexf-logG8IuA/mnvsQA==",
      "dev": true,
      "dependencies": {
        "ansi-regex": "^5.0.1"
      },
      "engines": {
        "node": ">=8"
      }
    },
    "node_modules/supports-color": {
      "version": "7.2.0",
      "resolved": "https://registry.npmjs.org/supports-color/-/supports-color-7.2.0.tgz",
      "integrity": "sha512-qpCAvRl9stuOHveKsn7HncJRvv501qIacKzQlO/+Lwxc9+0q2wPcUzKJZssfkDX9fb24E2ExltPMe19so79dwQ==",
      "dev": true,
      "dependencies": {
        "has-flag": "^4.0.0"
      },
      "engines": {
        "node": ">=8"
      }
    },
    "node_modules/tiny-lru": {
      "version": "9.0.3",
      "resolved": "https://registry.npmjs.org/tiny-lru/-/tiny-lru-9.0.3.tgz",
      "integrity": "sha512-sTj6RxM+Jd3p3zT45+T2g51a1vJL9UK028r3PzI2/nLvt2Y0/p6y+1SjRt+nCVwwz2fW5v3PAHHe153dMqyv8g==",
      "engines": {
        "node": ">=12.17"
      }
    },
    "node_modules/toidentifier": {
      "version": "1.0.1",
      "resolved": "https://registry.npmjs.org/toidentifier/-/toidentifier-1.0.1.tgz",
      "integrity": "sha512-o+GgpiUs2v4f2i2dpt3m/P2QFcP2ttzTDYjCsZHRkY4LzBawbTe8L3i1m5M0nveiS4Aa6xV3f/5Lg8IKf3Glg==",
      "engines": {
        "node": ">=0.6"
      }
    },
    "node_modules/tree-kill": {
      "version": "1.2.2",
      "resolved": "https://registry.npmjs.org/tree-kill/-/tree-kill-1.2.2.tgz",
      "integrity": "sha512-Lw+8v6QpTMJp6IeB2mU3a3rC8mgeiE227o+2nJ+bS1sYscM+iIFX2Ed1Bjw52Z2yPj52CU1EZsS7r1Y4eXyvVg==",
      "dev": true,
      "bin": {
        "tree-kill": "cli.js"
      }
    },
    "node_modules/ts-node": {
      "version": "10.9.1",
      "resolved": "https://registry.npmjs.org/ts-node/-/ts-node-10.9.1.tgz",
      "integrity": "sha512-o+hTmupeecEeADQSRlB3gx2z2iL1GYTsD2z3YxK+l24YfU38v2yjWeUzTe8u3xG0juup5K+6Y5LAl2u+rb2e7A==",
      "dev": true,
      "dependencies": {
        "@cspotcode/source-map-support": "0.8.1",
        "@tsconfig/node10": "1.0.11",
        "@tsconfig/node12": "1.0.11",
        "@tsconfig/node14": "1.0.3",
        "@tsconfig/node16": "1.0.4",
        "acorn": "8.8.2",
        "acorn-walk": "8.2.0",
        "arg": "4.1.3",
        "create-require": "1.1.1",
        "diff": "4.0.2",
        "make-error": "1.3.6",
        "v8-compile-cache-lib": "3.0.1",
        "yn": "3.1.1"
      },
      "bin": {
        "ts-node": "dist/bin.js",
        "ts-node-cwd": "dist/bin-cwd.js",
        "ts-node-esm": "dist/bin-esm.js",
        "ts-node-script": "dist/bin-script.js"
      },
      "engines": {
        "node": ">=10.0.0"
      },
      "peerDependencies": {
        "typescript": ">=2.7"
      }
    },
    "node_modules/ts-node-dev": {
      "version": "2.0.0",
      "resolved": "https://registry.npmjs.org/ts-node-dev/-/ts-node-dev-2.0.0.tgz",
      "integrity": "sha512-S0OF5a8w/NO5Gx0f9cyIeT/nsohY2C2WKM2sKCMs4TNUQAl74T23T1gHP5r492/6xTPL0A2wdt5Iu3HxoJ7a5Q==",
      "dev": true,
      "dependencies": {
        "jackspeak": "^2.1.1",
        "tree-kill": "^1.2.2",
        "ts-node": ">=10.9.1"
      },
      "bin": {
        "ts-node-dev": "lib/bin.js"
      },
      "peerDependencies": {
        "typescript": ">=2.0"
      },
      "peerDependenciesMeta": {
        "ts-node": {
          "optional": true
        },
        "typescript": {
          "optional": true
        }
      }
    },
    "node_modules/typescript": {
      "version": "5.0.4",
      "resolved": "https://registry.npmjs.org/typescript/-/typescript-5.0.4.tgz",
      "integrity": "sha512-cW9T5W9xY37cc+jfEnaUvX91foxtHkza3Nw3wkoF4sCrMfvUQUqLmvAfS9AB2IM706nbLAkLSS9eH+ciz9zMWw==",
      "dev": true,
      "bin": {
        "tsc": "bin/tsc",
        "tsserver": "bin/tsserver"
      },
      "engines": {
        "node": ">=12.20"
      }
    },
    "node_modules/uri-js": {
      "version": "4.4.1",
      "resolved": "https://registry.npmjs.org/uri-js/-/uri-js-4.4.1.tgz",
      "integrity": "sha512-7r6jOxKgWwvSY8T3UJsbN+gh9dizZSpbW3W0VbP6TjdAupRgffHejQgtSo1A2iy2A3LMA4msX19Ubm60O+gHbw==",
      "dependencies": {
        "punycode": "^2.1.0"
      }
    },
    "node_modules/v8-compile-cache-lib": {
      "version": "3.0.1",
      "resolved": "https://registry.npmjs.org/v8-compile-cache-lib/-/v8-compile-cache-lib-3.0.1.tgz",
      "integrity": "sha512-FaM9KvuUIYwfr5JvbcPAj3fLAMTDCsp5C/IHPhy3wt1O/5nKxJ9p/X+YlqsTDM9v8cWgqC5sT4V2mkhRSDsKmA==",
      "dev": true
    },
    "node_modules/vary": {
      "version": "1.1.2",
      "resolved": "https://registry.npmjs.org/vary/-/vary-1.1.2.tgz",
      "integrity": "sha512-BNIfe+2Z2+kPq70luoGNTT2e22I+O5p+g/q/1s3s2zT8m0A0m4lE0q/Yf283hV4F7eIro6gYQd5gA8w==",
      "engines": {
        "node": ">= 0.8"
      }
    },
    "node_modules/wrap-ansi": {
      "version": "7.0.0",
      "resolved": "https://registry.npmjs.org/wrap-ansi/-/wrap-ansi-7.0.0.tgz",
      "integrity": "sha512-YVGIj2kamLSTxw6NsZjoBxfSwsn0ycdesmc4p+Q21c5zPuZ1pl+NfxVP8AlKx+2acBd8DytOUrLV9v3qDb72uw==",
      "dev": true,
      "dependencies": {
        "ansi-styles": "^4.0.0",
        "string-width": "^4.1.0",
        "strip-ansi": "^6.0.0"
      },
      "engines": {
        "node": ">=10"
      },
      "funding": {
        "url": "https://github.com/chalk/wrap-ansi?sponsor=1"
      }
    },
    "node_modules/yallist": {
      "version": "4.0.0",
      "resolved": "https://registry.npmjs.org/yallist/-/yallist-4.0.0.tgz",
      "integrity": "sha512-3wdGidZyq5PA/fnbexlbnI6ie048Z5zQl5OstrCgYRCEVvTlvSga4/fs9Lj0vbauMONSSsEB2p9+5ODo+e+PiA=="
    },
    "node_modules/yn": {
      "version": "3.1.1",
      "resolved": "https://registry.npmjs.org/yn/-/yn-3.1.1.tgz",
      "integrity": "sha512-Ux4ygGWsu2c7isFWe8Yu1YluJmqVhxqK2cLXNQA5AcC3QfbGNp+ZFuPDyes9bRv/z1dANpHVZOFUVWTonKyHwQ==",
      "dev": true,
      "engines": {
        "node": ">=6"
      }
    },
    "node_modules/zod": {
      "version": "3.21.4",
      "resolved": "https://registry.npmjs.org/zod/-/zod-3.21.4.tgz",
      "integrity": "sha512-m46AKbrzKVzO9cbHVvInRPEe+5P12k7F8pzj/o3+c+hS6D6b0T3pIeMuBDB0O2j0HmPePEp5gB3xkYjss+5W/Q==",
      "funding": {
        "url": "https://github.com/sponsors/colinhacks"
      }
    }
  }
}
