
{
  "name": "task-donegeon-backend",
  "version": "1.0.0",
  "lockfileVersion": 2,
  "requires": true,
  "packages": {
    "": {
      "name": "task-donegeon-backend",
      "version": "1.0.0",
      "hasInstallScript": true,
      "dependencies": {
        "@fastify/cors": "^8.2.1",
        "@fastify/jwt": "^6.7.1",
        "@prisma/client": "^4.12.0",
        "bcryptjs": "^2.4.3",
        "fastify": "^4.15.0",
        "zod": "^3.21.4"
      },
      "devDependencies": {
        "@types/bcryptjs": "^2.4.2",
        "@types/node": "^18.15.11",
        "prisma": "^4.12.0",
        "ts-node-dev": "^2.0.0",
        "typescript": "^5.0.4"
      }
    },
    "node_modules/@fastify/cors": {
      "version": "8.2.1",
      "resolved": "https://registry.npmjs.org/@fastify/cors/-/cors-8.2.1.tgz",
      "integrity": "sha512-eTcs02m/aK2HFzQoKpyh2V44bbrAYe/2fXdd4eS9S1M2g1w5VnaGnxF0YnaO6T5I1HlMSQd2a/A48UY95E6aKw==",
      "dependencies": {
        "fastify-plugin": "^4.0.0",
        "vary": "^1.1.2"
      }
    },
    "node_modules/@prisma/client": {
      "version": "4.12.0",
      "resolved": "https://registry.npmjs.org/@prisma/client/-/client-4.12.0.tgz",
      "integrity": "sha512-ess2s77v4sD2aH0fB54h4B62s228mD9b0sS+M4j_O2yvcjTUbY4L0T2iitRgG31N39oT6eL6S2uGA==",
      "hasInstallScript": true,
      "dependencies": {
        "@prisma/engines-version": "4.12.0-57.d7e06ebd34d811cde26002f235d9f3032a13e721"
      },
      "engines": {
        "node": ">=14.17"
      },
      "peerDependencies": {
        "prisma": "*"
      },
      "peerDependenciesMeta": {
        "prisma": {
          "optional": true
        }
      }
    },
    "node_modules/bcryptjs": {
      "version": "2.4.3",
      "resolved": "https://registry.npmjs.org/bcryptjs/-/bcryptjs-2.4.3.tgz",
      "integrity": "sha512-V/Hy/X9Vt7p3k7Ztn3T6Gzvo97vCGOsO04v6pT2WpD9sN/i2GDsAXi5+q9hP123oBfSvJpE7Jd6Eb7qCRs02AQ=="
    }
  }
}
